// !$*UTF8*$!
{
	archiveVersion = 1;
	classes = {
	};
	objectVersion = 46;
	objects = {

/* Begin PBXBuildFile section */
		3801A0171F7A76B0006C3D18 /* main.m in Sources */ = {isa = PBXBuildFile; fileRef = 3801A0161F7A76B0006C3D18 /* main.m */; };
		3801A01A1F7A76B0006C3D18 /* AppDelegate.m in Sources */ = {isa = PBXBuildFile; fileRef = 3801A0191F7A76B0006C3D18 /* AppDelegate.m */; };
		3801A0221F7A76B0006C3D18 /* Assets.xcassets in Resources */ = {isa = PBXBuildFile; fileRef = 3801A0211F7A76B0006C3D18 /* Assets.xcassets */; };
		3801A0251F7A76B0006C3D18 /* LaunchScreen.storyboard in Resources */ = {isa = PBXBuildFile; fileRef = 3801A0231F7A76B0006C3D18 /* LaunchScreen.storyboard */; };
		3801A0301F7A76B0006C3D18 /* PretendTests.m in Sources */ = {isa = PBXBuildFile; fileRef = 3801A02F1F7A76B0006C3D18 /* PretendTests.m */; };
		3801A03B1F7A76B0006C3D18 /* PretendUITests.m in Sources */ = {isa = PBXBuildFile; fileRef = 3801A03A1F7A76B0006C3D18 /* PretendUITests.m */; };
		3801A04A1F7B43CF006C3D18 /* FirstCommunication.m in Sources */ = {isa = PBXBuildFile; fileRef = 3801A0491F7B43CF006C3D18 /* FirstCommunication.m */; };
		3801A04D1F7B4404006C3D18 /* DevilCard.m in Sources */ = {isa = PBXBuildFile; fileRef = 3801A04C1F7B4404006C3D18 /* DevilCard.m */; };
		3801A0501F7B4423006C3D18 /* DevilRoom.m in Sources */ = {isa = PBXBuildFile; fileRef = 3801A04F1F7B4423006C3D18 /* DevilRoom.m */; };
		3801A0531F7B4439006C3D18 /* TrueWorld.m in Sources */ = {isa = PBXBuildFile; fileRef = 3801A0521F7B4439006C3D18 /* TrueWorld.m */; };
		3801A0561F7B5CB3006C3D18 /* PretendedViewController.m in Sources */ = {isa = PBXBuildFile; fileRef = 3801A0551F7B5CB3006C3D18 /* PretendedViewController.m */; };
		3801A0591F7C88F1006C3D18 /* PRNavigationController.m in Sources */ = {isa = PBXBuildFile; fileRef = 3801A0581F7C88F1006C3D18 /* PRNavigationController.m */; };
		3801A0651F7E0F9D006C3D18 /* BaseChatDetail.m in Sources */ = {isa = PBXBuildFile; fileRef = 3801A0641F7E0F9D006C3D18 /* BaseChatDetail.m */; };
		3801A06E1F7E1037006C3D18 /* SantaChatDetail.m in Sources */ = {isa = PBXBuildFile; fileRef = 3801A06D1F7E1037006C3D18 /* SantaChatDetail.m */; };
		3801A0771F7E3BF6006C3D18 /* BaseChatTableViewCell.m in Sources */ = {isa = PBXBuildFile; fileRef = 3801A0761F7E3BF6006C3D18 /* BaseChatTableViewCell.m */; };
		3801A07D1F7F302E006C3D18 /* PufuChatDetail.m in Sources */ = {isa = PBXBuildFile; fileRef = 3801A07C1F7F302E006C3D18 /* PufuChatDetail.m */; };
		3801A0801F7F3054006C3D18 /* ChiziChatDetail.m in Sources */ = {isa = PBXBuildFile; fileRef = 3801A07F1F7F3054006C3D18 /* ChiziChatDetail.m */; };
		3801A0831F7F3078006C3D18 /* TizaChatDetail.m in Sources */ = {isa = PBXBuildFile; fileRef = 3801A0821F7F3078006C3D18 /* TizaChatDetail.m */; };
		3808515C2022B54100836D03 /* PHSelectViewController.m in Sources */ = {isa = PBXBuildFile; fileRef = 3808515B2022B54100836D03 /* PHSelectViewController.m */; };
		3832119C202ADCF800DB7B7A /* PRVideoViewController.m in Sources */ = {isa = PBXBuildFile; fileRef = 3832119B202ADCF800DB7B7A /* PRVideoViewController.m */; };
		383211A7202AE2F800DB7B7A /* PRSlider.m in Sources */ = {isa = PBXBuildFile; fileRef = 383211A6202AE2F800DB7B7A /* PRSlider.m */; };
		383211AA202AE53C00DB7B7A /* PRCustomSlider.m in Sources */ = {isa = PBXBuildFile; fileRef = 383211A9202AE53C00DB7B7A /* PRCustomSlider.m */; };
		383211AD202C81CD00DB7B7A /* PRBGMPlayer.m in Sources */ = {isa = PBXBuildFile; fileRef = 383211AC202C81CD00DB7B7A /* PRBGMPlayer.m */; };
		383BA7001FD799B600B0D207 /* FirstCommunication+UI.m in Sources */ = {isa = PBXBuildFile; fileRef = 383BA6FF1FD799B600B0D207 /* FirstCommunication+UI.m */; };
		383D72452006058E0063FEB6 /* article.txt in Resources */ = {isa = PBXBuildFile; fileRef = 383D72442006058D0063FEB6 /* article.txt */; };
		3850CDCC20BC5C9A00E45D8B /* PRProgressBaseView.m in Sources */ = {isa = PBXBuildFile; fileRef = 3850CDCB20BC5C9A00E45D8B /* PRProgressBaseView.m */; };
		3850CDCF20BC5CCE00E45D8B /* PRProgressBar.m in Sources */ = {isa = PBXBuildFile; fileRef = 3850CDCE20BC5CCE00E45D8B /* PRProgressBar.m */; };
		3850CDD220BC5D0400E45D8B /* PRProgressIndicator.m in Sources */ = {isa = PBXBuildFile; fileRef = 3850CDD120BC5D0400E45D8B /* PRProgressIndicator.m */; };
		3873AD7820D7DC62007CC8D3 /* DevilCardMgr.m in Sources */ = {isa = PBXBuildFile; fileRef = 3873AD7720D7DC62007CC8D3 /* DevilCardMgr.m */; };
		3873AD7A20D8956E007CC8D3 /* article2.txt in Resources */ = {isa = PBXBuildFile; fileRef = 3873AD7920D8956E007CC8D3 /* article2.txt */; };
		38748E6020D239E700700891 /* libsqlite3.tbd in Frameworks */ = {isa = PBXBuildFile; fileRef = 38748E5F20D239E700700891 /* libsqlite3.tbd */; };
		38748E6320D23A4300700891 /* PRDBManager.m in Sources */ = {isa = PBXBuildFile; fileRef = 38748E6220D23A4300700891 /* PRDBManager.m */; };
		38748E6620D25BF600700891 /* PRConstantSQL.m in Sources */ = {isa = PBXBuildFile; fileRef = 38748E6520D25BF600700891 /* PRConstantSQL.m */; };
		38748E6920D3943500700891 /* BaseChatControlsView.m in Sources */ = {isa = PBXBuildFile; fileRef = 38748E6820D3943500700891 /* BaseChatControlsView.m */; };
		387BA634201606C700B7A15B /* NSObject+BJLObserving.m in Sources */ = {isa = PBXBuildFile; fileRef = 387BA631201606C600B7A15B /* NSObject+BJLObserving.m */; };
		387BA635201606C700B7A15B /* NSObject+BJLWillDeallocBlock.m in Sources */ = {isa = PBXBuildFile; fileRef = 387BA633201606C700B7A15B /* NSObject+BJLWillDeallocBlock.m */; };
		387BA6382016E37200B7A15B /* BaseChatModel.m in Sources */ = {isa = PBXBuildFile; fileRef = 387BA6372016E37200B7A15B /* BaseChatModel.m */; };
		389C5C781FAEE89400494006 /* PuriHandCardCell.m in Sources */ = {isa = PBXBuildFile; fileRef = 389C5C771FAEE89400494006 /* PuriHandCardCell.m */; };
		389C5C7B1FB04F9B00494006 /* CardMasonryLayout.m in Sources */ = {isa = PBXBuildFile; fileRef = 389C5C7A1FB04F9B00494006 /* CardMasonryLayout.m */; };
		389C5C7E1FB057CB00494006 /* CardSortTestViewController.m in Sources */ = {isa = PBXBuildFile; fileRef = 389C5C7D1FB057CB00494006 /* CardSortTestViewController.m */; };
		389C5C811FB0768B00494006 /* CardSortTestCollectionViewCell.m in Sources */ = {isa = PBXBuildFile; fileRef = 389C5C801FB0768B00494006 /* CardSortTestCollectionViewCell.m */; };
		389C5C871FB0866400494006 /* CardCoverFlowLayout.m in Sources */ = {isa = PBXBuildFile; fileRef = 389C5C861FB0866400494006 /* CardCoverFlowLayout.m */; };
		389C5C8A1FB15E4500494006 /* TableCardCollectionViewCell.m in Sources */ = {isa = PBXBuildFile; fileRef = 389C5C891FB15E4500494006 /* TableCardCollectionViewCell.m */; };
		389C5C931FB1E39900494006 /* BaseChoiceCollectionViewCell.m in Sources */ = {isa = PBXBuildFile; fileRef = 389C5C921FB1E39900494006 /* BaseChoiceCollectionViewCell.m */; };
		389E43D02034186A00AD107F /* bgm.mp3 in Resources */ = {isa = PBXBuildFile; fileRef = 389E43CF2034186A00AD107F /* bgm.mp3 */; };
		389E43D2203FA6AE00AD107F /* SantaChat.mp3 in Resources */ = {isa = PBXBuildFile; fileRef = 389E43D1203FA6AD00AD107F /* SantaChat.mp3 */; };
		389E43D4203FA6B700AD107F /* PufuChat.mp3 in Resources */ = {isa = PBXBuildFile; fileRef = 389E43D3203FA6B700AD107F /* PufuChat.mp3 */; };
		389E43D6203FA6C400AD107F /* ChiziChat.mp3 in Resources */ = {isa = PBXBuildFile; fileRef = 389E43D5203FA6C400AD107F /* ChiziChat.mp3 */; };
		389E43D8203FA6CE00AD107F /* TizaChat.mp3 in Resources */ = {isa = PBXBuildFile; fileRef = 389E43D7203FA6CE00AD107F /* TizaChat.mp3 */; };
		389E43DA203FA8B200AD107F /* ChatRoom.mp3 in Resources */ = {isa = PBXBuildFile; fileRef = 389E43D9203FA8B200AD107F /* ChatRoom.mp3 */; };
		38A13E021FE0D1C8002B62B4 /* UIColor+PRCustomColor.m in Sources */ = {isa = PBXBuildFile; fileRef = 38A13E011FE0D1C8002B62B4 /* UIColor+PRCustomColor.m */; };
		38A13E051FE10A46002B62B4 /* ChatRoomCell.m in Sources */ = {isa = PBXBuildFile; fileRef = 38A13E041FE10A46002B62B4 /* ChatRoomCell.m */; };
		38A13E081FE1192C002B62B4 /* BaseMgr.m in Sources */ = {isa = PBXBuildFile; fileRef = 38A13E071FE1192C002B62B4 /* BaseMgr.m */; };
		38A17BFD2004987200088588 /* PRTxtTransform.m in Sources */ = {isa = PBXBuildFile; fileRef = 38A17BFC2004987200088588 /* PRTxtTransform.m */; };
		38A573FD20C4FEC600479601 /* video.mp4 in Resources */ = {isa = PBXBuildFile; fileRef = 38A573FC20C4FEC600479601 /* video.mp4 */; };
		38BDFB6C2018377400D1BB86 /* FeatureViewController.m in Sources */ = {isa = PBXBuildFile; fileRef = 38BDFB6B2018377400D1BB86 /* FeatureViewController.m */; };
		38C76C9B1FA07BD100BCBCB9 /* DevilChatRoom.m in Sources */ = {isa = PBXBuildFile; fileRef = 38C76C991FA07BD100BCBCB9 /* DevilChatRoom.m */; };
		38C76C9E1FA07C1700BCBCB9 /* ChatRoomCleared.m in Sources */ = {isa = PBXBuildFile; fileRef = 38C76C9D1FA07C1700BCBCB9 /* ChatRoomCleared.m */; };
		38C76CA21FA1850600BCBCB9 /* ChatRoomMgr.m in Sources */ = {isa = PBXBuildFile; fileRef = 38C76CA11FA1850600BCBCB9 /* ChatRoomMgr.m */; };
		38C76CA61FA1901700BCBCB9 /* SantaMgr.m in Sources */ = {isa = PBXBuildFile; fileRef = 38C76CA51FA1901700BCBCB9 /* SantaMgr.m */; };
		38C76CAA1FA19C1600BCBCB9 /* PufuMgr.m in Sources */ = {isa = PBXBuildFile; fileRef = 38C76CA91FA19C1600BCBCB9 /* PufuMgr.m */; };
		38C76CAE1FA19C6B00BCBCB9 /* ChiziMgr.m in Sources */ = {isa = PBXBuildFile; fileRef = 38C76CAD1FA19C6B00BCBCB9 /* ChiziMgr.m */; };
		38C76CB21FA19CD300BCBCB9 /* TizaMgr.m in Sources */ = {isa = PBXBuildFile; fileRef = 38C76CB11FA19CD300BCBCB9 /* TizaMgr.m */; };
		38C76CB71FA1B1E700BCBCB9 /* CardCraftMgr.m in Sources */ = {isa = PBXBuildFile; fileRef = 38C76CB61FA1B1E700BCBCB9 /* CardCraftMgr.m */; };
		38C76CBA1FA1B2B800BCBCB9 /* DevilCardInfo.m in Sources */ = {isa = PBXBuildFile; fileRef = 38C76CB91FA1B2B800BCBCB9 /* DevilCardInfo.m */; };
		38C76CBD1FA1B4F500BCBCB9 /* Crafter.m in Sources */ = {isa = PBXBuildFile; fileRef = 38C76CBC1FA1B4F500BCBCB9 /* Crafter.m */; };
		38C76CC01FA1B62400BCBCB9 /* Puri.m in Sources */ = {isa = PBXBuildFile; fileRef = 38C76CBF1FA1B62400BCBCB9 /* Puri.m */; };
		38C76CC31FA1B65900BCBCB9 /* Devil.m in Sources */ = {isa = PBXBuildFile; fileRef = 38C76CC21FA1B65900BCBCB9 /* Devil.m */; };
		38C76CD91FA7561A00BCBCB9 /* DCNavigationController.m in Sources */ = {isa = PBXBuildFile; fileRef = 38C76CD81FA7561A00BCBCB9 /* DCNavigationController.m */; };
		38C76CDC1FA7568B00BCBCB9 /* CardFeastViewController.m in Sources */ = {isa = PBXBuildFile; fileRef = 38C76CDB1FA7568B00BCBCB9 /* CardFeastViewController.m */; };
		38C76CDF1FA8493E00BCBCB9 /* UIImage+Rotate.m in Sources */ = {isa = PBXBuildFile; fileRef = 38C76CDE1FA8493E00BCBCB9 /* UIImage+Rotate.m */; };
		38C76CE51FA8550300BCBCB9 /* FeastView.m in Sources */ = {isa = PBXBuildFile; fileRef = 38C76CE41FA8550300BCBCB9 /* FeastView.m */; };
		38C76CEB1FA867D600BCBCB9 /* BaseCardCraftViewController.m in Sources */ = {isa = PBXBuildFile; fileRef = 38C76CEA1FA867D600BCBCB9 /* BaseCardCraftViewController.m */; };
		38C76CEE1FA8908D00BCBCB9 /* DRNavigationController.m in Sources */ = {isa = PBXBuildFile; fileRef = 38C76CED1FA8908D00BCBCB9 /* DRNavigationController.m */; };
		38C76CF71FA8A74900BCBCB9 /* DevilRoomMgr.m in Sources */ = {isa = PBXBuildFile; fileRef = 38C76CF61FA8A74900BCBCB9 /* DevilRoomMgr.m */; };
		38C76CF91FA8A91C00BCBCB9 /* consider.json in Resources */ = {isa = PBXBuildFile; fileRef = 38C76CF81FA8A91C00BCBCB9 /* consider.json */; };
		38C76CFC1FA972C800BCBCB9 /* DevilCastleViewController.m in Sources */ = {isa = PBXBuildFile; fileRef = 38C76CFB1FA972C800BCBCB9 /* DevilCastleViewController.m */; };
		38C76D021FA977FB00BCBCB9 /* TruthMgr.m in Sources */ = {isa = PBXBuildFile; fileRef = 38C76D011FA977FB00BCBCB9 /* TruthMgr.m */; };
		38C76D081FA9E64500BCBCB9 /* TWNavigationController.m in Sources */ = {isa = PBXBuildFile; fileRef = 38C76D071FA9E64500BCBCB9 /* TWNavigationController.m */; };
		38C76D0B1FAAAE2300BCBCB9 /* CardSortViewController.m in Sources */ = {isa = PBXBuildFile; fileRef = 38C76D0A1FAAAE2300BCBCB9 /* CardSortViewController.m */; };
		38C76D0E1FAAAFC800BCBCB9 /* CardCell.m in Sources */ = {isa = PBXBuildFile; fileRef = 38C76D0D1FAAAFC800BCBCB9 /* CardCell.m */; };
		38C76D111FAACAF900BCBCB9 /* CardSelectedBackground.m in Sources */ = {isa = PBXBuildFile; fileRef = 38C76D101FAACAF900BCBCB9 /* CardSelectedBackground.m */; };
		38C76D141FAAD0C200BCBCB9 /* CardDetailViewController.m in Sources */ = {isa = PBXBuildFile; fileRef = 38C76D131FAAD0C200BCBCB9 /* CardDetailViewController.m */; };
		38C76D171FAAFF3400BCBCB9 /* PuriHandCardLayout.m in Sources */ = {isa = PBXBuildFile; fileRef = 38C76D161FAAFF3400BCBCB9 /* PuriHandCardLayout.m */; };
		38C76D201FAB74B700BCBCB9 /* PuriLayout.m in Sources */ = {isa = PBXBuildFile; fileRef = 38C76D1F1FAB74B700BCBCB9 /* PuriLayout.m */; };
		38C76D231FAC538900BCBCB9 /* PuriHandCardAttributes.m in Sources */ = {isa = PBXBuildFile; fileRef = 38C76D221FAC538900BCBCB9 /* PuriHandCardAttributes.m */; };
		38E240241FECB69300896939 /* CardFeastViewController+UI.m in Sources */ = {isa = PBXBuildFile; fileRef = 38E240231FECB69300896939 /* CardFeastViewController+UI.m */; };
		38E2404F1FF0954700896939 /* CardCrafterCell.m in Sources */ = {isa = PBXBuildFile; fileRef = 38E2404E1FF0954700896939 /* CardCrafterCell.m */; };
		70A2AB91226EA9650000BA94 /* PRCalendarViewController.m in Sources */ = {isa = PBXBuildFile; fileRef = 70A2AB90226EA9650000BA94 /* PRCalendarViewController.m */; };
		70A2AB94226EA9D00000BA94 /* PRQRCodeScannerViewController.m in Sources */ = {isa = PBXBuildFile; fileRef = 70A2AB93226EA9D00000BA94 /* PRQRCodeScannerViewController.m */; };
		FEB8F7668BFCA7D04939BC7C /* libPods-Pretend.a in Frameworks */ = {isa = PBXBuildFile; fileRef = D33B925DDB6AA3EAC9B48AB8 /* libPods-Pretend.a */; };
/* End PBXBuildFile section */

/* Begin PBXContainerItemProxy section */
		3801A02C1F7A76B0006C3D18 /* PBXContainerItemProxy */ = {
			isa = PBXContainerItemProxy;
			containerPortal = 3801A00A1F7A76B0006C3D18 /* Project object */;
			proxyType = 1;
			remoteGlobalIDString = 3801A0111F7A76B0006C3D18;
			remoteInfo = Pretend;
		};
		3801A0371F7A76B0006C3D18 /* PBXContainerItemProxy */ = {
			isa = PBXContainerItemProxy;
			containerPortal = 3801A00A1F7A76B0006C3D18 /* Project object */;
			proxyType = 1;
			remoteGlobalIDString = 3801A0111F7A76B0006C3D18;
			remoteInfo = Pretend;
		};
/* End PBXContainerItemProxy section */

/* Begin PBXFileReference section */
		3801A0121F7A76B0006C3D18 /* Pretend.app */ = {isa = PBXFileReference; explicitFileType = wrapper.application; includeInIndex = 0; path = Pretend.app; sourceTree = BUILT_PRODUCTS_DIR; };
		3801A0161F7A76B0006C3D18 /* main.m */ = {isa = PBXFileReference; lastKnownFileType = sourcecode.c.objc; path = main.m; sourceTree = "<group>"; };
		3801A0181F7A76B0006C3D18 /* AppDelegate.h */ = {isa = PBXFileReference; lastKnownFileType = sourcecode.c.h; path = AppDelegate.h; sourceTree = "<group>"; };
		3801A0191F7A76B0006C3D18 /* AppDelegate.m */ = {isa = PBXFileReference; lastKnownFileType = sourcecode.c.objc; path = AppDelegate.m; sourceTree = "<group>"; };
		3801A0211F7A76B0006C3D18 /* Assets.xcassets */ = {isa = PBXFileReference; lastKnownFileType = folder.assetcatalog; path = Assets.xcassets; sourceTree = "<group>"; };
		3801A0241F7A76B0006C3D18 /* Base */ = {isa = PBXFileReference; lastKnownFileType = file.storyboard; name = Base; path = Base.lproj/LaunchScreen.storyboard; sourceTree = "<group>"; };
		3801A0261F7A76B0006C3D18 /* Info.plist */ = {isa = PBXFileReference; lastKnownFileType = text.plist.xml; path = Info.plist; sourceTree = "<group>"; };
		3801A02B1F7A76B0006C3D18 /* PretendTests.xctest */ = {isa = PBXFileReference; explicitFileType = wrapper.cfbundle; includeInIndex = 0; path = PretendTests.xctest; sourceTree = BUILT_PRODUCTS_DIR; };
		3801A02F1F7A76B0006C3D18 /* PretendTests.m */ = {isa = PBXFileReference; lastKnownFileType = sourcecode.c.objc; path = PretendTests.m; sourceTree = "<group>"; };
		3801A0311F7A76B0006C3D18 /* Info.plist */ = {isa = PBXFileReference; lastKnownFileType = text.plist.xml; path = Info.plist; sourceTree = "<group>"; };
		3801A0361F7A76B0006C3D18 /* PretendUITests.xctest */ = {isa = PBXFileReference; explicitFileType = wrapper.cfbundle; includeInIndex = 0; path = PretendUITests.xctest; sourceTree = BUILT_PRODUCTS_DIR; };
		3801A03A1F7A76B0006C3D18 /* PretendUITests.m */ = {isa = PBXFileReference; lastKnownFileType = sourcecode.c.objc; path = PretendUITests.m; sourceTree = "<group>"; };
		3801A03C1F7A76B0006C3D18 /* Info.plist */ = {isa = PBXFileReference; lastKnownFileType = text.plist.xml; path = Info.plist; sourceTree = "<group>"; };
		3801A0481F7B43CF006C3D18 /* FirstCommunication.h */ = {isa = PBXFileReference; fileEncoding = 4; lastKnownFileType = sourcecode.c.h; path = FirstCommunication.h; sourceTree = "<group>"; };
		3801A0491F7B43CF006C3D18 /* FirstCommunication.m */ = {isa = PBXFileReference; fileEncoding = 4; lastKnownFileType = sourcecode.c.objc; path = FirstCommunication.m; sourceTree = "<group>"; };
		3801A04B1F7B4404006C3D18 /* DevilCard.h */ = {isa = PBXFileReference; fileEncoding = 4; lastKnownFileType = sourcecode.c.h; path = DevilCard.h; sourceTree = "<group>"; };
		3801A04C1F7B4404006C3D18 /* DevilCard.m */ = {isa = PBXFileReference; fileEncoding = 4; lastKnownFileType = sourcecode.c.objc; path = DevilCard.m; sourceTree = "<group>"; };
		3801A04E1F7B4423006C3D18 /* DevilRoom.h */ = {isa = PBXFileReference; fileEncoding = 4; lastKnownFileType = sourcecode.c.h; path = DevilRoom.h; sourceTree = "<group>"; };
		3801A04F1F7B4423006C3D18 /* DevilRoom.m */ = {isa = PBXFileReference; fileEncoding = 4; lastKnownFileType = sourcecode.c.objc; path = DevilRoom.m; sourceTree = "<group>"; };
		3801A0511F7B4439006C3D18 /* TrueWorld.h */ = {isa = PBXFileReference; fileEncoding = 4; lastKnownFileType = sourcecode.c.h; path = TrueWorld.h; sourceTree = "<group>"; };
		3801A0521F7B4439006C3D18 /* TrueWorld.m */ = {isa = PBXFileReference; fileEncoding = 4; lastKnownFileType = sourcecode.c.objc; path = TrueWorld.m; sourceTree = "<group>"; };
		3801A0541F7B5CB3006C3D18 /* PretendedViewController.h */ = {isa = PBXFileReference; fileEncoding = 4; lastKnownFileType = sourcecode.c.h; path = PretendedViewController.h; sourceTree = "<group>"; };
		3801A0551F7B5CB3006C3D18 /* PretendedViewController.m */ = {isa = PBXFileReference; fileEncoding = 4; lastKnownFileType = sourcecode.c.objc; path = PretendedViewController.m; sourceTree = "<group>"; };
		3801A0571F7C88F1006C3D18 /* PRNavigationController.h */ = {isa = PBXFileReference; fileEncoding = 4; lastKnownFileType = sourcecode.c.h; path = PRNavigationController.h; sourceTree = "<group>"; };
		3801A0581F7C88F1006C3D18 /* PRNavigationController.m */ = {isa = PBXFileReference; fileEncoding = 4; lastKnownFileType = sourcecode.c.objc; path = PRNavigationController.m; sourceTree = "<group>"; };
		3801A0631F7E0F9D006C3D18 /* BaseChatDetail.h */ = {isa = PBXFileReference; fileEncoding = 4; lastKnownFileType = sourcecode.c.h; path = BaseChatDetail.h; sourceTree = "<group>"; };
		3801A0641F7E0F9D006C3D18 /* BaseChatDetail.m */ = {isa = PBXFileReference; fileEncoding = 4; lastKnownFileType = sourcecode.c.objc; path = BaseChatDetail.m; sourceTree = "<group>"; };
		3801A06C1F7E1037006C3D18 /* SantaChatDetail.h */ = {isa = PBXFileReference; fileEncoding = 4; lastKnownFileType = sourcecode.c.h; path = SantaChatDetail.h; sourceTree = "<group>"; };
		3801A06D1F7E1037006C3D18 /* SantaChatDetail.m */ = {isa = PBXFileReference; fileEncoding = 4; lastKnownFileType = sourcecode.c.objc; path = SantaChatDetail.m; sourceTree = "<group>"; };
		3801A0751F7E3BF6006C3D18 /* BaseChatTableViewCell.h */ = {isa = PBXFileReference; fileEncoding = 4; lastKnownFileType = sourcecode.c.h; path = BaseChatTableViewCell.h; sourceTree = "<group>"; };
		3801A0761F7E3BF6006C3D18 /* BaseChatTableViewCell.m */ = {isa = PBXFileReference; fileEncoding = 4; lastKnownFileType = sourcecode.c.objc; path = BaseChatTableViewCell.m; sourceTree = "<group>"; };
		3801A07B1F7F302E006C3D18 /* PufuChatDetail.h */ = {isa = PBXFileReference; fileEncoding = 4; lastKnownFileType = sourcecode.c.h; path = PufuChatDetail.h; sourceTree = "<group>"; };
		3801A07C1F7F302E006C3D18 /* PufuChatDetail.m */ = {isa = PBXFileReference; fileEncoding = 4; lastKnownFileType = sourcecode.c.objc; path = PufuChatDetail.m; sourceTree = "<group>"; };
		3801A07E1F7F3054006C3D18 /* ChiziChatDetail.h */ = {isa = PBXFileReference; fileEncoding = 4; lastKnownFileType = sourcecode.c.h; path = ChiziChatDetail.h; sourceTree = "<group>"; };
		3801A07F1F7F3054006C3D18 /* ChiziChatDetail.m */ = {isa = PBXFileReference; fileEncoding = 4; lastKnownFileType = sourcecode.c.objc; path = ChiziChatDetail.m; sourceTree = "<group>"; };
		3801A0811F7F3078006C3D18 /* TizaChatDetail.h */ = {isa = PBXFileReference; fileEncoding = 4; lastKnownFileType = sourcecode.c.h; path = TizaChatDetail.h; sourceTree = "<group>"; };
		3801A0821F7F3078006C3D18 /* TizaChatDetail.m */ = {isa = PBXFileReference; fileEncoding = 4; lastKnownFileType = sourcecode.c.objc; path = TizaChatDetail.m; sourceTree = "<group>"; };
		3808515A2022B54100836D03 /* PHSelectViewController.h */ = {isa = PBXFileReference; lastKnownFileType = sourcecode.c.h; path = PHSelectViewController.h; sourceTree = "<group>"; };
		3808515B2022B54100836D03 /* PHSelectViewController.m */ = {isa = PBXFileReference; lastKnownFileType = sourcecode.c.objc; path = PHSelectViewController.m; sourceTree = "<group>"; };
		3832119A202ADCF800DB7B7A /* PRVideoViewController.h */ = {isa = PBXFileReference; lastKnownFileType = sourcecode.c.h; path = PRVideoViewController.h; sourceTree = "<group>"; };
		3832119B202ADCF800DB7B7A /* PRVideoViewController.m */ = {isa = PBXFileReference; lastKnownFileType = sourcecode.c.objc; path = PRVideoViewController.m; sourceTree = "<group>"; };
		383211A5202AE2F800DB7B7A /* PRSlider.h */ = {isa = PBXFileReference; lastKnownFileType = sourcecode.c.h; path = PRSlider.h; sourceTree = "<group>"; };
		383211A6202AE2F800DB7B7A /* PRSlider.m */ = {isa = PBXFileReference; lastKnownFileType = sourcecode.c.objc; path = PRSlider.m; sourceTree = "<group>"; };
		383211A8202AE53C00DB7B7A /* PRCustomSlider.h */ = {isa = PBXFileReference; lastKnownFileType = sourcecode.c.h; path = PRCustomSlider.h; sourceTree = "<group>"; };
		383211A9202AE53C00DB7B7A /* PRCustomSlider.m */ = {isa = PBXFileReference; lastKnownFileType = sourcecode.c.objc; path = PRCustomSlider.m; sourceTree = "<group>"; };
		383211AB202C81CD00DB7B7A /* PRBGMPlayer.h */ = {isa = PBXFileReference; lastKnownFileType = sourcecode.c.h; path = PRBGMPlayer.h; sourceTree = "<group>"; };
		383211AC202C81CD00DB7B7A /* PRBGMPlayer.m */ = {isa = PBXFileReference; lastKnownFileType = sourcecode.c.objc; path = PRBGMPlayer.m; sourceTree = "<group>"; };
		383BA6FE1FD799B600B0D207 /* FirstCommunication+UI.h */ = {isa = PBXFileReference; lastKnownFileType = sourcecode.c.h; path = "FirstCommunication+UI.h"; sourceTree = "<group>"; };
		383BA6FF1FD799B600B0D207 /* FirstCommunication+UI.m */ = {isa = PBXFileReference; lastKnownFileType = sourcecode.c.objc; path = "FirstCommunication+UI.m"; sourceTree = "<group>"; };
		383D72442006058D0063FEB6 /* article.txt */ = {isa = PBXFileReference; fileEncoding = 4; lastKnownFileType = text; path = article.txt; sourceTree = "<group>"; };
		3850CDCA20BC5C9A00E45D8B /* PRProgressBaseView.h */ = {isa = PBXFileReference; lastKnownFileType = sourcecode.c.h; path = PRProgressBaseView.h; sourceTree = "<group>"; };
		3850CDCB20BC5C9A00E45D8B /* PRProgressBaseView.m */ = {isa = PBXFileReference; lastKnownFileType = sourcecode.c.objc; path = PRProgressBaseView.m; sourceTree = "<group>"; };
		3850CDCD20BC5CCE00E45D8B /* PRProgressBar.h */ = {isa = PBXFileReference; lastKnownFileType = sourcecode.c.h; path = PRProgressBar.h; sourceTree = "<group>"; };
		3850CDCE20BC5CCE00E45D8B /* PRProgressBar.m */ = {isa = PBXFileReference; lastKnownFileType = sourcecode.c.objc; path = PRProgressBar.m; sourceTree = "<group>"; };
		3850CDD020BC5D0400E45D8B /* PRProgressIndicator.h */ = {isa = PBXFileReference; lastKnownFileType = sourcecode.c.h; path = PRProgressIndicator.h; sourceTree = "<group>"; };
		3850CDD120BC5D0400E45D8B /* PRProgressIndicator.m */ = {isa = PBXFileReference; lastKnownFileType = sourcecode.c.objc; path = PRProgressIndicator.m; sourceTree = "<group>"; };
		3873AD7620D7DC62007CC8D3 /* DevilCardMgr.h */ = {isa = PBXFileReference; lastKnownFileType = sourcecode.c.h; path = DevilCardMgr.h; sourceTree = "<group>"; };
		3873AD7720D7DC62007CC8D3 /* DevilCardMgr.m */ = {isa = PBXFileReference; lastKnownFileType = sourcecode.c.objc; path = DevilCardMgr.m; sourceTree = "<group>"; };
		3873AD7920D8956E007CC8D3 /* article2.txt */ = {isa = PBXFileReference; fileEncoding = 4; lastKnownFileType = text; path = article2.txt; sourceTree = "<group>"; };
		38748E5F20D239E700700891 /* libsqlite3.tbd */ = {isa = PBXFileReference; lastKnownFileType = "sourcecode.text-based-dylib-definition"; name = libsqlite3.tbd; path = usr/lib/libsqlite3.tbd; sourceTree = SDKROOT; };
		38748E6120D23A4300700891 /* PRDBManager.h */ = {isa = PBXFileReference; lastKnownFileType = sourcecode.c.h; path = PRDBManager.h; sourceTree = "<group>"; };
		38748E6220D23A4300700891 /* PRDBManager.m */ = {isa = PBXFileReference; lastKnownFileType = sourcecode.c.objc; path = PRDBManager.m; sourceTree = "<group>"; };
		38748E6420D25BF600700891 /* PRConstantSQL.h */ = {isa = PBXFileReference; lastKnownFileType = sourcecode.c.h; path = PRConstantSQL.h; sourceTree = "<group>"; };
		38748E6520D25BF600700891 /* PRConstantSQL.m */ = {isa = PBXFileReference; lastKnownFileType = sourcecode.c.objc; path = PRConstantSQL.m; sourceTree = "<group>"; };
		38748E6720D3943500700891 /* BaseChatControlsView.h */ = {isa = PBXFileReference; lastKnownFileType = sourcecode.c.h; path = BaseChatControlsView.h; sourceTree = "<group>"; };
		38748E6820D3943500700891 /* BaseChatControlsView.m */ = {isa = PBXFileReference; lastKnownFileType = sourcecode.c.objc; path = BaseChatControlsView.m; sourceTree = "<group>"; };
		387BA630201606C600B7A15B /* NSObject+BJLWillDeallocBlock.h */ = {isa = PBXFileReference; fileEncoding = 4; lastKnownFileType = sourcecode.c.h; path = "NSObject+BJLWillDeallocBlock.h"; sourceTree = "<group>"; };
		387BA631201606C600B7A15B /* NSObject+BJLObserving.m */ = {isa = PBXFileReference; fileEncoding = 4; lastKnownFileType = sourcecode.c.objc; path = "NSObject+BJLObserving.m"; sourceTree = "<group>"; };
		387BA632201606C700B7A15B /* NSObject+BJLObserving.h */ = {isa = PBXFileReference; fileEncoding = 4; lastKnownFileType = sourcecode.c.h; path = "NSObject+BJLObserving.h"; sourceTree = "<group>"; };
		387BA633201606C700B7A15B /* NSObject+BJLWillDeallocBlock.m */ = {isa = PBXFileReference; fileEncoding = 4; lastKnownFileType = sourcecode.c.objc; path = "NSObject+BJLWillDeallocBlock.m"; sourceTree = "<group>"; };
		387BA6362016E37200B7A15B /* BaseChatModel.h */ = {isa = PBXFileReference; lastKnownFileType = sourcecode.c.h; path = BaseChatModel.h; sourceTree = "<group>"; };
		387BA6372016E37200B7A15B /* BaseChatModel.m */ = {isa = PBXFileReference; lastKnownFileType = sourcecode.c.objc; path = BaseChatModel.m; sourceTree = "<group>"; };
		389C5C761FAEE89400494006 /* PuriHandCardCell.h */ = {isa = PBXFileReference; fileEncoding = 4; lastKnownFileType = sourcecode.c.h; path = PuriHandCardCell.h; sourceTree = "<group>"; };
		389C5C771FAEE89400494006 /* PuriHandCardCell.m */ = {isa = PBXFileReference; fileEncoding = 4; lastKnownFileType = sourcecode.c.objc; path = PuriHandCardCell.m; sourceTree = "<group>"; };
		389C5C791FB04F9B00494006 /* CardMasonryLayout.h */ = {isa = PBXFileReference; fileEncoding = 4; lastKnownFileType = sourcecode.c.h; path = CardMasonryLayout.h; sourceTree = "<group>"; };
		389C5C7A1FB04F9B00494006 /* CardMasonryLayout.m */ = {isa = PBXFileReference; fileEncoding = 4; lastKnownFileType = sourcecode.c.objc; path = CardMasonryLayout.m; sourceTree = "<group>"; };
		389C5C7C1FB057CB00494006 /* CardSortTestViewController.h */ = {isa = PBXFileReference; fileEncoding = 4; lastKnownFileType = sourcecode.c.h; path = CardSortTestViewController.h; sourceTree = "<group>"; };
		389C5C7D1FB057CB00494006 /* CardSortTestViewController.m */ = {isa = PBXFileReference; fileEncoding = 4; lastKnownFileType = sourcecode.c.objc; path = CardSortTestViewController.m; sourceTree = "<group>"; };
		389C5C7F1FB0768B00494006 /* CardSortTestCollectionViewCell.h */ = {isa = PBXFileReference; fileEncoding = 4; lastKnownFileType = sourcecode.c.h; path = CardSortTestCollectionViewCell.h; sourceTree = "<group>"; };
		389C5C801FB0768B00494006 /* CardSortTestCollectionViewCell.m */ = {isa = PBXFileReference; fileEncoding = 4; lastKnownFileType = sourcecode.c.objc; path = CardSortTestCollectionViewCell.m; sourceTree = "<group>"; };
		389C5C851FB0866400494006 /* CardCoverFlowLayout.h */ = {isa = PBXFileReference; fileEncoding = 4; lastKnownFileType = sourcecode.c.h; path = CardCoverFlowLayout.h; sourceTree = "<group>"; };
		389C5C861FB0866400494006 /* CardCoverFlowLayout.m */ = {isa = PBXFileReference; fileEncoding = 4; lastKnownFileType = sourcecode.c.objc; path = CardCoverFlowLayout.m; sourceTree = "<group>"; };
		389C5C881FB15E4500494006 /* TableCardCollectionViewCell.h */ = {isa = PBXFileReference; fileEncoding = 4; lastKnownFileType = sourcecode.c.h; path = TableCardCollectionViewCell.h; sourceTree = "<group>"; };
		389C5C891FB15E4500494006 /* TableCardCollectionViewCell.m */ = {isa = PBXFileReference; fileEncoding = 4; lastKnownFileType = sourcecode.c.objc; path = TableCardCollectionViewCell.m; sourceTree = "<group>"; };
		389C5C911FB1E39900494006 /* BaseChoiceCollectionViewCell.h */ = {isa = PBXFileReference; fileEncoding = 4; lastKnownFileType = sourcecode.c.h; path = BaseChoiceCollectionViewCell.h; sourceTree = "<group>"; };
		389C5C921FB1E39900494006 /* BaseChoiceCollectionViewCell.m */ = {isa = PBXFileReference; fileEncoding = 4; lastKnownFileType = sourcecode.c.objc; path = BaseChoiceCollectionViewCell.m; sourceTree = "<group>"; };
		389E43CF2034186A00AD107F /* bgm.mp3 */ = {isa = PBXFileReference; lastKnownFileType = audio.mp3; path = bgm.mp3; sourceTree = "<group>"; };
		389E43D1203FA6AD00AD107F /* SantaChat.mp3 */ = {isa = PBXFileReference; lastKnownFileType = audio.mp3; path = SantaChat.mp3; sourceTree = "<group>"; };
		389E43D3203FA6B700AD107F /* PufuChat.mp3 */ = {isa = PBXFileReference; lastKnownFileType = audio.mp3; path = PufuChat.mp3; sourceTree = "<group>"; };
		389E43D5203FA6C400AD107F /* ChiziChat.mp3 */ = {isa = PBXFileReference; lastKnownFileType = audio.mp3; path = ChiziChat.mp3; sourceTree = "<group>"; };
		389E43D7203FA6CE00AD107F /* TizaChat.mp3 */ = {isa = PBXFileReference; lastKnownFileType = audio.mp3; path = TizaChat.mp3; sourceTree = "<group>"; };
		389E43D9203FA8B200AD107F /* ChatRoom.mp3 */ = {isa = PBXFileReference; lastKnownFileType = audio.mp3; path = ChatRoom.mp3; sourceTree = "<group>"; };
		38A13E001FE0D1C8002B62B4 /* UIColor+PRCustomColor.h */ = {isa = PBXFileReference; lastKnownFileType = sourcecode.c.h; path = "UIColor+PRCustomColor.h"; sourceTree = "<group>"; };
		38A13E011FE0D1C8002B62B4 /* UIColor+PRCustomColor.m */ = {isa = PBXFileReference; lastKnownFileType = sourcecode.c.objc; path = "UIColor+PRCustomColor.m"; sourceTree = "<group>"; };
		38A13E031FE10A46002B62B4 /* ChatRoomCell.h */ = {isa = PBXFileReference; lastKnownFileType = sourcecode.c.h; path = ChatRoomCell.h; sourceTree = "<group>"; };
		38A13E041FE10A46002B62B4 /* ChatRoomCell.m */ = {isa = PBXFileReference; lastKnownFileType = sourcecode.c.objc; path = ChatRoomCell.m; sourceTree = "<group>"; };
		38A13E061FE1192C002B62B4 /* BaseMgr.h */ = {isa = PBXFileReference; lastKnownFileType = sourcecode.c.h; path = BaseMgr.h; sourceTree = "<group>"; };
		38A13E071FE1192C002B62B4 /* BaseMgr.m */ = {isa = PBXFileReference; lastKnownFileType = sourcecode.c.objc; path = BaseMgr.m; sourceTree = "<group>"; };
		38A17BFB2004987200088588 /* PRTxtTransform.h */ = {isa = PBXFileReference; lastKnownFileType = sourcecode.c.h; path = PRTxtTransform.h; sourceTree = "<group>"; };
		38A17BFC2004987200088588 /* PRTxtTransform.m */ = {isa = PBXFileReference; lastKnownFileType = sourcecode.c.objc; path = PRTxtTransform.m; sourceTree = "<group>"; };
		38A573FC20C4FEC600479601 /* video.mp4 */ = {isa = PBXFileReference; lastKnownFileType = file; path = video.mp4; sourceTree = "<group>"; };
		38BDFB6A2018377400D1BB86 /* FeatureViewController.h */ = {isa = PBXFileReference; lastKnownFileType = sourcecode.c.h; path = FeatureViewController.h; sourceTree = "<group>"; };
		38BDFB6B2018377400D1BB86 /* FeatureViewController.m */ = {isa = PBXFileReference; lastKnownFileType = sourcecode.c.objc; path = FeatureViewController.m; sourceTree = "<group>"; };
		38C76C981FA07BD100BCBCB9 /* DevilChatRoom.h */ = {isa = PBXFileReference; fileEncoding = 4; lastKnownFileType = sourcecode.c.h; path = DevilChatRoom.h; sourceTree = "<group>"; };
		38C76C991FA07BD100BCBCB9 /* DevilChatRoom.m */ = {isa = PBXFileReference; fileEncoding = 4; lastKnownFileType = sourcecode.c.objc; path = DevilChatRoom.m; sourceTree = "<group>"; };
		38C76C9C1FA07C1700BCBCB9 /* ChatRoomCleared.h */ = {isa = PBXFileReference; fileEncoding = 4; lastKnownFileType = sourcecode.c.h; path = ChatRoomCleared.h; sourceTree = "<group>"; };
		38C76C9D1FA07C1700BCBCB9 /* ChatRoomCleared.m */ = {isa = PBXFileReference; fileEncoding = 4; lastKnownFileType = sourcecode.c.objc; path = ChatRoomCleared.m; sourceTree = "<group>"; };
		38C76CA01FA1850600BCBCB9 /* ChatRoomMgr.h */ = {isa = PBXFileReference; fileEncoding = 4; lastKnownFileType = sourcecode.c.h; path = ChatRoomMgr.h; sourceTree = "<group>"; };
		38C76CA11FA1850600BCBCB9 /* ChatRoomMgr.m */ = {isa = PBXFileReference; fileEncoding = 4; lastKnownFileType = sourcecode.c.objc; path = ChatRoomMgr.m; sourceTree = "<group>"; };
		38C76CA41FA1901700BCBCB9 /* SantaMgr.h */ = {isa = PBXFileReference; fileEncoding = 4; lastKnownFileType = sourcecode.c.h; path = SantaMgr.h; sourceTree = "<group>"; };
		38C76CA51FA1901700BCBCB9 /* SantaMgr.m */ = {isa = PBXFileReference; fileEncoding = 4; lastKnownFileType = sourcecode.c.objc; path = SantaMgr.m; sourceTree = "<group>"; };
		38C76CA81FA19C1600BCBCB9 /* PufuMgr.h */ = {isa = PBXFileReference; fileEncoding = 4; lastKnownFileType = sourcecode.c.h; path = PufuMgr.h; sourceTree = "<group>"; };
		38C76CA91FA19C1600BCBCB9 /* PufuMgr.m */ = {isa = PBXFileReference; fileEncoding = 4; lastKnownFileType = sourcecode.c.objc; path = PufuMgr.m; sourceTree = "<group>"; };
		38C76CAC1FA19C6B00BCBCB9 /* ChiziMgr.h */ = {isa = PBXFileReference; fileEncoding = 4; lastKnownFileType = sourcecode.c.h; path = ChiziMgr.h; sourceTree = "<group>"; };
		38C76CAD1FA19C6B00BCBCB9 /* ChiziMgr.m */ = {isa = PBXFileReference; fileEncoding = 4; lastKnownFileType = sourcecode.c.objc; path = ChiziMgr.m; sourceTree = "<group>"; };
		38C76CB01FA19CD300BCBCB9 /* TizaMgr.h */ = {isa = PBXFileReference; fileEncoding = 4; lastKnownFileType = sourcecode.c.h; path = TizaMgr.h; sourceTree = "<group>"; };
		38C76CB11FA19CD300BCBCB9 /* TizaMgr.m */ = {isa = PBXFileReference; fileEncoding = 4; lastKnownFileType = sourcecode.c.objc; path = TizaMgr.m; sourceTree = "<group>"; };
		38C76CB51FA1B1E700BCBCB9 /* CardCraftMgr.h */ = {isa = PBXFileReference; fileEncoding = 4; lastKnownFileType = sourcecode.c.h; path = CardCraftMgr.h; sourceTree = "<group>"; };
		38C76CB61FA1B1E700BCBCB9 /* CardCraftMgr.m */ = {isa = PBXFileReference; fileEncoding = 4; lastKnownFileType = sourcecode.c.objc; path = CardCraftMgr.m; sourceTree = "<group>"; };
		38C76CB81FA1B2B800BCBCB9 /* DevilCardInfo.h */ = {isa = PBXFileReference; fileEncoding = 4; lastKnownFileType = sourcecode.c.h; path = DevilCardInfo.h; sourceTree = "<group>"; };
		38C76CB91FA1B2B800BCBCB9 /* DevilCardInfo.m */ = {isa = PBXFileReference; fileEncoding = 4; lastKnownFileType = sourcecode.c.objc; path = DevilCardInfo.m; sourceTree = "<group>"; };
		38C76CBB1FA1B4F500BCBCB9 /* Crafter.h */ = {isa = PBXFileReference; fileEncoding = 4; lastKnownFileType = sourcecode.c.h; path = Crafter.h; sourceTree = "<group>"; };
		38C76CBC1FA1B4F500BCBCB9 /* Crafter.m */ = {isa = PBXFileReference; fileEncoding = 4; lastKnownFileType = sourcecode.c.objc; path = Crafter.m; sourceTree = "<group>"; };
		38C76CBE1FA1B62400BCBCB9 /* Puri.h */ = {isa = PBXFileReference; fileEncoding = 4; lastKnownFileType = sourcecode.c.h; path = Puri.h; sourceTree = "<group>"; };
		38C76CBF1FA1B62400BCBCB9 /* Puri.m */ = {isa = PBXFileReference; fileEncoding = 4; lastKnownFileType = sourcecode.c.objc; path = Puri.m; sourceTree = "<group>"; };
		38C76CC11FA1B65900BCBCB9 /* Devil.h */ = {isa = PBXFileReference; fileEncoding = 4; lastKnownFileType = sourcecode.c.h; path = Devil.h; sourceTree = "<group>"; };
		38C76CC21FA1B65900BCBCB9 /* Devil.m */ = {isa = PBXFileReference; fileEncoding = 4; lastKnownFileType = sourcecode.c.objc; path = Devil.m; sourceTree = "<group>"; };
		38C76CD71FA7561A00BCBCB9 /* DCNavigationController.h */ = {isa = PBXFileReference; fileEncoding = 4; lastKnownFileType = sourcecode.c.h; path = DCNavigationController.h; sourceTree = "<group>"; };
		38C76CD81FA7561A00BCBCB9 /* DCNavigationController.m */ = {isa = PBXFileReference; fileEncoding = 4; lastKnownFileType = sourcecode.c.objc; path = DCNavigationController.m; sourceTree = "<group>"; };
		38C76CDA1FA7568B00BCBCB9 /* CardFeastViewController.h */ = {isa = PBXFileReference; fileEncoding = 4; lastKnownFileType = sourcecode.c.h; path = CardFeastViewController.h; sourceTree = "<group>"; };
		38C76CDB1FA7568B00BCBCB9 /* CardFeastViewController.m */ = {isa = PBXFileReference; fileEncoding = 4; lastKnownFileType = sourcecode.c.objc; path = CardFeastViewController.m; sourceTree = "<group>"; };
		38C76CDD1FA8493E00BCBCB9 /* UIImage+Rotate.h */ = {isa = PBXFileReference; fileEncoding = 4; lastKnownFileType = sourcecode.c.h; path = "UIImage+Rotate.h"; sourceTree = "<group>"; };
		38C76CDE1FA8493E00BCBCB9 /* UIImage+Rotate.m */ = {isa = PBXFileReference; fileEncoding = 4; lastKnownFileType = sourcecode.c.objc; path = "UIImage+Rotate.m"; sourceTree = "<group>"; };
		38C76CE31FA8550300BCBCB9 /* FeastView.h */ = {isa = PBXFileReference; fileEncoding = 4; lastKnownFileType = sourcecode.c.h; path = FeastView.h; sourceTree = "<group>"; };
		38C76CE41FA8550300BCBCB9 /* FeastView.m */ = {isa = PBXFileReference; fileEncoding = 4; lastKnownFileType = sourcecode.c.objc; path = FeastView.m; sourceTree = "<group>"; };
		38C76CE91FA867D600BCBCB9 /* BaseCardCraftViewController.h */ = {isa = PBXFileReference; fileEncoding = 4; lastKnownFileType = sourcecode.c.h; path = BaseCardCraftViewController.h; sourceTree = "<group>"; };
		38C76CEA1FA867D600BCBCB9 /* BaseCardCraftViewController.m */ = {isa = PBXFileReference; fileEncoding = 4; lastKnownFileType = sourcecode.c.objc; path = BaseCardCraftViewController.m; sourceTree = "<group>"; };
		38C76CEC1FA8908D00BCBCB9 /* DRNavigationController.h */ = {isa = PBXFileReference; fileEncoding = 4; lastKnownFileType = sourcecode.c.h; path = DRNavigationController.h; sourceTree = "<group>"; };
		38C76CED1FA8908D00BCBCB9 /* DRNavigationController.m */ = {isa = PBXFileReference; fileEncoding = 4; lastKnownFileType = sourcecode.c.objc; path = DRNavigationController.m; sourceTree = "<group>"; };
		38C76CF51FA8A74900BCBCB9 /* DevilRoomMgr.h */ = {isa = PBXFileReference; fileEncoding = 4; lastKnownFileType = sourcecode.c.h; path = DevilRoomMgr.h; sourceTree = "<group>"; };
		38C76CF61FA8A74900BCBCB9 /* DevilRoomMgr.m */ = {isa = PBXFileReference; fileEncoding = 4; lastKnownFileType = sourcecode.c.objc; path = DevilRoomMgr.m; sourceTree = "<group>"; };
		38C76CF81FA8A91C00BCBCB9 /* consider.json */ = {isa = PBXFileReference; fileEncoding = 4; lastKnownFileType = text.json; path = consider.json; sourceTree = "<group>"; };
		38C76CFA1FA972C800BCBCB9 /* DevilCastleViewController.h */ = {isa = PBXFileReference; fileEncoding = 4; lastKnownFileType = sourcecode.c.h; path = DevilCastleViewController.h; sourceTree = "<group>"; };
		38C76CFB1FA972C800BCBCB9 /* DevilCastleViewController.m */ = {isa = PBXFileReference; fileEncoding = 4; lastKnownFileType = sourcecode.c.objc; path = DevilCastleViewController.m; sourceTree = "<group>"; };
		38C76D001FA977FB00BCBCB9 /* TruthMgr.h */ = {isa = PBXFileReference; fileEncoding = 4; lastKnownFileType = sourcecode.c.h; path = TruthMgr.h; sourceTree = "<group>"; };
		38C76D011FA977FB00BCBCB9 /* TruthMgr.m */ = {isa = PBXFileReference; fileEncoding = 4; lastKnownFileType = sourcecode.c.objc; path = TruthMgr.m; sourceTree = "<group>"; };
		38C76D061FA9E64500BCBCB9 /* TWNavigationController.h */ = {isa = PBXFileReference; fileEncoding = 4; lastKnownFileType = sourcecode.c.h; path = TWNavigationController.h; sourceTree = "<group>"; };
		38C76D071FA9E64500BCBCB9 /* TWNavigationController.m */ = {isa = PBXFileReference; fileEncoding = 4; lastKnownFileType = sourcecode.c.objc; path = TWNavigationController.m; sourceTree = "<group>"; };
		38C76D091FAAAE2300BCBCB9 /* CardSortViewController.h */ = {isa = PBXFileReference; fileEncoding = 4; lastKnownFileType = sourcecode.c.h; path = CardSortViewController.h; sourceTree = "<group>"; };
		38C76D0A1FAAAE2300BCBCB9 /* CardSortViewController.m */ = {isa = PBXFileReference; fileEncoding = 4; lastKnownFileType = sourcecode.c.objc; path = CardSortViewController.m; sourceTree = "<group>"; };
		38C76D0C1FAAAFC800BCBCB9 /* CardCell.h */ = {isa = PBXFileReference; fileEncoding = 4; lastKnownFileType = sourcecode.c.h; path = CardCell.h; sourceTree = "<group>"; };
		38C76D0D1FAAAFC800BCBCB9 /* CardCell.m */ = {isa = PBXFileReference; fileEncoding = 4; lastKnownFileType = sourcecode.c.objc; path = CardCell.m; sourceTree = "<group>"; };
		38C76D0F1FAACAF900BCBCB9 /* CardSelectedBackground.h */ = {isa = PBXFileReference; fileEncoding = 4; lastKnownFileType = sourcecode.c.h; path = CardSelectedBackground.h; sourceTree = "<group>"; };
		38C76D101FAACAF900BCBCB9 /* CardSelectedBackground.m */ = {isa = PBXFileReference; fileEncoding = 4; lastKnownFileType = sourcecode.c.objc; path = CardSelectedBackground.m; sourceTree = "<group>"; };
		38C76D121FAAD0C200BCBCB9 /* CardDetailViewController.h */ = {isa = PBXFileReference; fileEncoding = 4; lastKnownFileType = sourcecode.c.h; path = CardDetailViewController.h; sourceTree = "<group>"; };
		38C76D131FAAD0C200BCBCB9 /* CardDetailViewController.m */ = {isa = PBXFileReference; fileEncoding = 4; lastKnownFileType = sourcecode.c.objc; path = CardDetailViewController.m; sourceTree = "<group>"; };
		38C76D151FAAFF3400BCBCB9 /* PuriHandCardLayout.h */ = {isa = PBXFileReference; fileEncoding = 4; lastKnownFileType = sourcecode.c.h; path = PuriHandCardLayout.h; sourceTree = "<group>"; };
		38C76D161FAAFF3400BCBCB9 /* PuriHandCardLayout.m */ = {isa = PBXFileReference; fileEncoding = 4; lastKnownFileType = sourcecode.c.objc; path = PuriHandCardLayout.m; sourceTree = "<group>"; };
		38C76D1E1FAB74B700BCBCB9 /* PuriLayout.h */ = {isa = PBXFileReference; fileEncoding = 4; lastKnownFileType = sourcecode.c.h; path = PuriLayout.h; sourceTree = "<group>"; };
		38C76D1F1FAB74B700BCBCB9 /* PuriLayout.m */ = {isa = PBXFileReference; fileEncoding = 4; lastKnownFileType = sourcecode.c.objc; path = PuriLayout.m; sourceTree = "<group>"; };
		38C76D211FAC538900BCBCB9 /* PuriHandCardAttributes.h */ = {isa = PBXFileReference; fileEncoding = 4; lastKnownFileType = sourcecode.c.h; path = PuriHandCardAttributes.h; sourceTree = "<group>"; };
		38C76D221FAC538900BCBCB9 /* PuriHandCardAttributes.m */ = {isa = PBXFileReference; fileEncoding = 4; lastKnownFileType = sourcecode.c.objc; path = PuriHandCardAttributes.m; sourceTree = "<group>"; };
		38E240221FECB69300896939 /* CardFeastViewController+UI.h */ = {isa = PBXFileReference; lastKnownFileType = sourcecode.c.h; path = "CardFeastViewController+UI.h"; sourceTree = "<group>"; };
		38E240231FECB69300896939 /* CardFeastViewController+UI.m */ = {isa = PBXFileReference; lastKnownFileType = sourcecode.c.objc; path = "CardFeastViewController+UI.m"; sourceTree = "<group>"; };
		38E2404D1FF0954700896939 /* CardCrafterCell.h */ = {isa = PBXFileReference; lastKnownFileType = sourcecode.c.h; path = CardCrafterCell.h; sourceTree = "<group>"; };
		38E2404E1FF0954700896939 /* CardCrafterCell.m */ = {isa = PBXFileReference; lastKnownFileType = sourcecode.c.objc; path = CardCrafterCell.m; sourceTree = "<group>"; };
		4D56EA3242F97FEDFA0D68FC /* Pods-Pretend.debug.xcconfig */ = {isa = PBXFileReference; includeInIndex = 1; lastKnownFileType = text.xcconfig; name = "Pods-Pretend.debug.xcconfig"; path = "Pods/Target Support Files/Pods-Pretend/Pods-Pretend.debug.xcconfig"; sourceTree = "<group>"; };
		70A2AB8F226EA9650000BA94 /* PRCalendarViewController.h */ = {isa = PBXFileReference; lastKnownFileType = sourcecode.c.h; path = PRCalendarViewController.h; sourceTree = "<group>"; };
		70A2AB90226EA9650000BA94 /* PRCalendarViewController.m */ = {isa = PBXFileReference; lastKnownFileType = sourcecode.c.objc; path = PRCalendarViewController.m; sourceTree = "<group>"; };
		70A2AB92226EA9D00000BA94 /* PRQRCodeScannerViewController.h */ = {isa = PBXFileReference; lastKnownFileType = sourcecode.c.h; path = PRQRCodeScannerViewController.h; sourceTree = "<group>"; };
		70A2AB93226EA9D00000BA94 /* PRQRCodeScannerViewController.m */ = {isa = PBXFileReference; lastKnownFileType = sourcecode.c.objc; path = PRQRCodeScannerViewController.m; sourceTree = "<group>"; };
		D33B925DDB6AA3EAC9B48AB8 /* libPods-Pretend.a */ = {isa = PBXFileReference; explicitFileType = archive.ar; includeInIndex = 0; path = "libPods-Pretend.a"; sourceTree = BUILT_PRODUCTS_DIR; };
		D4A1AF25F2E2AE883639043E /* Pods-Pretend.release.xcconfig */ = {isa = PBXFileReference; includeInIndex = 1; lastKnownFileType = text.xcconfig; name = "Pods-Pretend.release.xcconfig"; path = "Pods/Target Support Files/Pods-Pretend/Pods-Pretend.release.xcconfig"; sourceTree = "<group>"; };
/* End PBXFileReference section */

/* Begin PBXFrameworksBuildPhase section */
		3801A00F1F7A76B0006C3D18 /* Frameworks */ = {
			isa = PBXFrameworksBuildPhase;
			buildActionMask = 2147483647;
			files = (
				38748E6020D239E700700891 /* libsqlite3.tbd in Frameworks */,
				FEB8F7668BFCA7D04939BC7C /* libPods-Pretend.a in Frameworks */,
			);
			runOnlyForDeploymentPostprocessing = 0;
		};
		3801A0281F7A76B0006C3D18 /* Frameworks */ = {
			isa = PBXFrameworksBuildPhase;
			buildActionMask = 2147483647;
			files = (
			);
			runOnlyForDeploymentPostprocessing = 0;
		};
		3801A0331F7A76B0006C3D18 /* Frameworks */ = {
			isa = PBXFrameworksBuildPhase;
			buildActionMask = 2147483647;
			files = (
			);
			runOnlyForDeploymentPostprocessing = 0;
		};
/* End PBXFrameworksBuildPhase section */

/* Begin PBXGroup section */
		2AA6CFA4835DFD7BAA736578 /* Frameworks */ = {
			isa = PBXGroup;
			children = (
				38748E5F20D239E700700891 /* libsqlite3.tbd */,
				D33B925DDB6AA3EAC9B48AB8 /* libPods-Pretend.a */,
			);
			name = Frameworks;
			sourceTree = "<group>";
		};
		3801A0091F7A76B0006C3D18 = {
			isa = PBXGroup;
			children = (
				3801A0141F7A76B0006C3D18 /* Pretend */,
				3801A02E1F7A76B0006C3D18 /* PretendTests */,
				3801A0391F7A76B0006C3D18 /* PretendUITests */,
				3801A0131F7A76B0006C3D18 /* Products */,
				77B4DAE9C004B9A31F0F9C7E /* Pods */,
				2AA6CFA4835DFD7BAA736578 /* Frameworks */,
			);
			sourceTree = "<group>";
		};
		3801A0131F7A76B0006C3D18 /* Products */ = {
			isa = PBXGroup;
			children = (
				3801A0121F7A76B0006C3D18 /* Pretend.app */,
				3801A02B1F7A76B0006C3D18 /* PretendTests.xctest */,
				3801A0361F7A76B0006C3D18 /* PretendUITests.xctest */,
			);
			name = Products;
			sourceTree = "<group>";
		};
		3801A0141F7A76B0006C3D18 /* Pretend */ = {
			isa = PBXGroup;
			children = (
				3801A0181F7A76B0006C3D18 /* AppDelegate.h */,
				3801A0191F7A76B0006C3D18 /* AppDelegate.m */,
				38E2402C1FECB86500896939 /* truth */,
				38E240311FECB96D00896939 /* devil room */,
				38E2402B1FECB81700896939 /* devil card */,
				38E240321FECB9BD00896939 /* devil chat */,
				38748E5E20D2399600700891 /* database */,
				38E2404B1FECBD4000896939 /* common */,
				38E2404C1FECBD5900896939 /* game start */,
				3801A0211F7A76B0006C3D18 /* Assets.xcassets */,
				3801A0231F7A76B0006C3D18 /* LaunchScreen.storyboard */,
				3801A0261F7A76B0006C3D18 /* Info.plist */,
				3801A0151F7A76B0006C3D18 /* Supporting Files */,
			);
			path = Pretend;
			sourceTree = "<group>";
		};
		3801A0151F7A76B0006C3D18 /* Supporting Files */ = {
			isa = PBXGroup;
			children = (
				3801A0161F7A76B0006C3D18 /* main.m */,
			);
			name = "Supporting Files";
			sourceTree = "<group>";
		};
		3801A02E1F7A76B0006C3D18 /* PretendTests */ = {
			isa = PBXGroup;
			children = (
				3801A02F1F7A76B0006C3D18 /* PretendTests.m */,
				3801A0311F7A76B0006C3D18 /* Info.plist */,
			);
			path = PretendTests;
			sourceTree = "<group>";
		};
		3801A0391F7A76B0006C3D18 /* PretendUITests */ = {
			isa = PBXGroup;
			children = (
				3801A03A1F7A76B0006C3D18 /* PretendUITests.m */,
				3801A03C1F7A76B0006C3D18 /* Info.plist */,
			);
			path = PretendUITests;
			sourceTree = "<group>";
		};
		3826FB5C205E3D2E00C6990E /* card sort */ = {
			isa = PBXGroup;
			children = (
				3826FB64205E3E2A00C6990E /* model */,
				3826FB5F205E3DB100C6990E /* view */,
				3826FB5E205E3DA200C6990E /* controller */,
			);
			path = "card sort";
			sourceTree = "<group>";
		};
		3826FB5D205E3D5C00C6990E /* card craft */ = {
			isa = PBXGroup;
			children = (
				3826FB63205E3E2200C6990E /* model */,
				3826FB62205E3E1D00C6990E /* view */,
				3826FB60205E3E0F00C6990E /* controller */,
			);
			path = "card craft";
			sourceTree = "<group>";
		};
		3826FB5E205E3DA200C6990E /* controller */ = {
			isa = PBXGroup;
			children = (
				38C76D091FAAAE2300BCBCB9 /* CardSortViewController.h */,
				38C76D0A1FAAAE2300BCBCB9 /* CardSortViewController.m */,
				389C5C7C1FB057CB00494006 /* CardSortTestViewController.h */,
				389C5C7D1FB057CB00494006 /* CardSortTestViewController.m */,
				38C76D121FAAD0C200BCBCB9 /* CardDetailViewController.h */,
				38C76D131FAAD0C200BCBCB9 /* CardDetailViewController.m */,
			);
			path = controller;
			sourceTree = "<group>";
		};
		3826FB5F205E3DB100C6990E /* view */ = {
			isa = PBXGroup;
			children = (
				38C76D0C1FAAAFC800BCBCB9 /* CardCell.h */,
				38C76D0D1FAAAFC800BCBCB9 /* CardCell.m */,
				389C5C7F1FB0768B00494006 /* CardSortTestCollectionViewCell.h */,
				389C5C801FB0768B00494006 /* CardSortTestCollectionViewCell.m */,
			);
			path = view;
			sourceTree = "<group>";
		};
		3826FB60205E3E0F00C6990E /* controller */ = {
			isa = PBXGroup;
			children = (
				38C76CDA1FA7568B00BCBCB9 /* CardFeastViewController.h */,
				38C76CDB1FA7568B00BCBCB9 /* CardFeastViewController.m */,
				38E240221FECB69300896939 /* CardFeastViewController+UI.h */,
				38E240231FECB69300896939 /* CardFeastViewController+UI.m */,
				38C76CE91FA867D600BCBCB9 /* BaseCardCraftViewController.h */,
				38C76CEA1FA867D600BCBCB9 /* BaseCardCraftViewController.m */,
			);
			path = controller;
			sourceTree = "<group>";
		};
		3826FB62205E3E1D00C6990E /* view */ = {
			isa = PBXGroup;
			children = (
				38C76CE31FA8550300BCBCB9 /* FeastView.h */,
				38C76CE41FA8550300BCBCB9 /* FeastView.m */,
				38E2404D1FF0954700896939 /* CardCrafterCell.h */,
				38E2404E1FF0954700896939 /* CardCrafterCell.m */,
				389C5C761FAEE89400494006 /* PuriHandCardCell.h */,
				389C5C771FAEE89400494006 /* PuriHandCardCell.m */,
				389C5C881FB15E4500494006 /* TableCardCollectionViewCell.h */,
				389C5C891FB15E4500494006 /* TableCardCollectionViewCell.m */,
			);
			path = view;
			sourceTree = "<group>";
		};
		3826FB63205E3E2200C6990E /* model */ = {
			isa = PBXGroup;
			children = (
				38C76CB51FA1B1E700BCBCB9 /* CardCraftMgr.h */,
				38C76CB61FA1B1E700BCBCB9 /* CardCraftMgr.m */,
				38C76CBB1FA1B4F500BCBCB9 /* Crafter.h */,
				38C76CBC1FA1B4F500BCBCB9 /* Crafter.m */,
				38C76CBE1FA1B62400BCBCB9 /* Puri.h */,
				38C76CBF1FA1B62400BCBCB9 /* Puri.m */,
				38C76CC11FA1B65900BCBCB9 /* Devil.h */,
				38C76CC21FA1B65900BCBCB9 /* Devil.m */,
				38C76D151FAAFF3400BCBCB9 /* PuriHandCardLayout.h */,
				38C76D161FAAFF3400BCBCB9 /* PuriHandCardLayout.m */,
				38C76D211FAC538900BCBCB9 /* PuriHandCardAttributes.h */,
				38C76D221FAC538900BCBCB9 /* PuriHandCardAttributes.m */,
				38C76D1E1FAB74B700BCBCB9 /* PuriLayout.h */,
				38C76D1F1FAB74B700BCBCB9 /* PuriLayout.m */,
			);
			path = model;
			sourceTree = "<group>";
		};
		3826FB64205E3E2A00C6990E /* model */ = {
			isa = PBXGroup;
			children = (
				389C5C791FB04F9B00494006 /* CardMasonryLayout.h */,
				389C5C7A1FB04F9B00494006 /* CardMasonryLayout.m */,
				389C5C851FB0866400494006 /* CardCoverFlowLayout.h */,
				389C5C861FB0866400494006 /* CardCoverFlowLayout.m */,
			);
			path = model;
			sourceTree = "<group>";
		};
		383211A0202AE29200DB7B7A /* view */ = {
			isa = PBXGroup;
			children = (
				383211A5202AE2F800DB7B7A /* PRSlider.h */,
				383211A6202AE2F800DB7B7A /* PRSlider.m */,
				383211A8202AE53C00DB7B7A /* PRCustomSlider.h */,
				383211A9202AE53C00DB7B7A /* PRCustomSlider.m */,
			);
			path = view;
			sourceTree = "<group>";
		};
		383211A2202AE2A500DB7B7A /* controller */ = {
			isa = PBXGroup;
			children = (
				3808515A2022B54100836D03 /* PHSelectViewController.h */,
				3808515B2022B54100836D03 /* PHSelectViewController.m */,
				3832119A202ADCF800DB7B7A /* PRVideoViewController.h */,
				3832119B202ADCF800DB7B7A /* PRVideoViewController.m */,
				70A2AB8F226EA9650000BA94 /* PRCalendarViewController.h */,
				70A2AB90226EA9650000BA94 /* PRCalendarViewController.m */,
				70A2AB92226EA9D00000BA94 /* PRQRCodeScannerViewController.h */,
				70A2AB93226EA9D00000BA94 /* PRQRCodeScannerViewController.m */,
			);
			path = controller;
			sourceTree = "<group>";
		};
		383211A3202AE2B200DB7B7A /* model */ = {
			isa = PBXGroup;
			children = (
				387BA632201606C700B7A15B /* NSObject+BJLObserving.h */,
				387BA631201606C600B7A15B /* NSObject+BJLObserving.m */,
				387BA630201606C600B7A15B /* NSObject+BJLWillDeallocBlock.h */,
				387BA633201606C700B7A15B /* NSObject+BJLWillDeallocBlock.m */,
				38A13E001FE0D1C8002B62B4 /* UIColor+PRCustomColor.h */,
				38A13E011FE0D1C8002B62B4 /* UIColor+PRCustomColor.m */,
				38A17BFB2004987200088588 /* PRTxtTransform.h */,
				38A17BFC2004987200088588 /* PRTxtTransform.m */,
				383211AB202C81CD00DB7B7A /* PRBGMPlayer.h */,
				383211AC202C81CD00DB7B7A /* PRBGMPlayer.m */,
			);
			path = model;
			sourceTree = "<group>";
		};
		383211A4202AE2D500DB7B7A /* resource */ = {
			isa = PBXGroup;
			children = (
				389E43D9203FA8B200AD107F /* ChatRoom.mp3 */,
				389E43CF2034186A00AD107F /* bgm.mp3 */,
				3873AD7920D8956E007CC8D3 /* article2.txt */,
				383D72442006058D0063FEB6 /* article.txt */,
				38A573FC20C4FEC600479601 /* video.mp4 */,
			);
			path = resource;
			sourceTree = "<group>";
		};
		3850CDC920BC5C7200E45D8B /* progress view */ = {
			isa = PBXGroup;
			children = (
				3850CDCA20BC5C9A00E45D8B /* PRProgressBaseView.h */,
				3850CDCB20BC5C9A00E45D8B /* PRProgressBaseView.m */,
				3850CDCD20BC5CCE00E45D8B /* PRProgressBar.h */,
				3850CDCE20BC5CCE00E45D8B /* PRProgressBar.m */,
				3850CDD020BC5D0400E45D8B /* PRProgressIndicator.h */,
				3850CDD120BC5D0400E45D8B /* PRProgressIndicator.m */,
			);
			path = "progress view";
			sourceTree = "<group>";
		};
		38748E5E20D2399600700891 /* database */ = {
			isa = PBXGroup;
			children = (
				38748E6120D23A4300700891 /* PRDBManager.h */,
				38748E6220D23A4300700891 /* PRDBManager.m */,
				38748E6420D25BF600700891 /* PRConstantSQL.h */,
				38748E6520D25BF600700891 /* PRConstantSQL.m */,
			);
			path = database;
			sourceTree = "<group>";
		};
		38E240251FECB6D000896939 /* controller */ = {
			isa = PBXGroup;
			children = (
				38C76CD71FA7561A00BCBCB9 /* DCNavigationController.h */,
				38C76CD81FA7561A00BCBCB9 /* DCNavigationController.m */,
				3801A04B1F7B4404006C3D18 /* DevilCard.h */,
				3801A04C1F7B4404006C3D18 /* DevilCard.m */,
			);
			path = controller;
			sourceTree = "<group>";
		};
		38E240261FECB71300896939 /* view */ = {
			isa = PBXGroup;
			children = (
				38C76D0F1FAACAF900BCBCB9 /* CardSelectedBackground.h */,
				38C76D101FAACAF900BCBCB9 /* CardSelectedBackground.m */,
			);
			path = view;
			sourceTree = "<group>";
		};
		38E240291FECB78700896939 /* model */ = {
			isa = PBXGroup;
			children = (
				38C76CB81FA1B2B800BCBCB9 /* DevilCardInfo.h */,
				38C76CB91FA1B2B800BCBCB9 /* DevilCardInfo.m */,
				3873AD7620D7DC62007CC8D3 /* DevilCardMgr.h */,
				3873AD7720D7DC62007CC8D3 /* DevilCardMgr.m */,
				38C76CDD1FA8493E00BCBCB9 /* UIImage+Rotate.h */,
				38C76CDE1FA8493E00BCBCB9 /* UIImage+Rotate.m */,
			);
			path = model;
			sourceTree = "<group>";
		};
		38E2402B1FECB81700896939 /* devil card */ = {
			isa = PBXGroup;
			children = (
				3826FB5C205E3D2E00C6990E /* card sort */,
				3826FB5D205E3D5C00C6990E /* card craft */,
				38E240291FECB78700896939 /* model */,
				38E240261FECB71300896939 /* view */,
				38E240251FECB6D000896939 /* controller */,
			);
			path = "devil card";
			sourceTree = "<group>";
		};
		38E2402C1FECB86500896939 /* truth */ = {
			isa = PBXGroup;
			children = (
				38E2402E1FECB8AE00896939 /* model */,
				38E2402D1FECB88000896939 /* controller */,
			);
			path = truth;
			sourceTree = "<group>";
		};
		38E2402D1FECB88000896939 /* controller */ = {
			isa = PBXGroup;
			children = (
				38C76D061FA9E64500BCBCB9 /* TWNavigationController.h */,
				38C76D071FA9E64500BCBCB9 /* TWNavigationController.m */,
				3801A0511F7B4439006C3D18 /* TrueWorld.h */,
				3801A0521F7B4439006C3D18 /* TrueWorld.m */,
			);
			path = controller;
			sourceTree = "<group>";
		};
		38E2402E1FECB8AE00896939 /* model */ = {
			isa = PBXGroup;
			children = (
				38C76D001FA977FB00BCBCB9 /* TruthMgr.h */,
				38C76D011FA977FB00BCBCB9 /* TruthMgr.m */,
			);
			path = model;
			sourceTree = "<group>";
		};
		38E2402F1FECB92500896939 /* controller */ = {
			isa = PBXGroup;
			children = (
				38C76CEC1FA8908D00BCBCB9 /* DRNavigationController.h */,
				38C76CED1FA8908D00BCBCB9 /* DRNavigationController.m */,
				3801A04E1F7B4423006C3D18 /* DevilRoom.h */,
				3801A04F1F7B4423006C3D18 /* DevilRoom.m */,
				38C76CFA1FA972C800BCBCB9 /* DevilCastleViewController.h */,
				38C76CFB1FA972C800BCBCB9 /* DevilCastleViewController.m */,
			);
			path = controller;
			sourceTree = "<group>";
		};
		38E240301FECB93900896939 /* model */ = {
			isa = PBXGroup;
			children = (
				38C76CF51FA8A74900BCBCB9 /* DevilRoomMgr.h */,
				38C76CF61FA8A74900BCBCB9 /* DevilRoomMgr.m */,
			);
			path = model;
			sourceTree = "<group>";
		};
		38E240311FECB96D00896939 /* devil room */ = {
			isa = PBXGroup;
			children = (
				38E240301FECB93900896939 /* model */,
				38E2402F1FECB92500896939 /* controller */,
				38C76CF81FA8A91C00BCBCB9 /* consider.json */,
			);
			path = "devil room";
			sourceTree = "<group>";
		};
		38E240321FECB9BD00896939 /* devil chat */ = {
			isa = PBXGroup;
			children = (
				38E2403B1FECBAEE00896939 /* tiza detail */,
				38E2403A1FECBAD800896939 /* chizi detail */,
				38E240391FECBABC00896939 /* pufu detail */,
				38E240381FECBA9A00896939 /* santa detail */,
				38E240361FECBA7100896939 /* base detail */,
				38E240351FECBA4B00896939 /* controller */,
				38E240341FECBA3900896939 /* model */,
				38E240331FECBA1900896939 /* view */,
			);
			path = "devil chat";
			sourceTree = "<group>";
		};
		38E240331FECBA1900896939 /* view */ = {
			isa = PBXGroup;
			children = (
				38A13E031FE10A46002B62B4 /* ChatRoomCell.h */,
				38A13E041FE10A46002B62B4 /* ChatRoomCell.m */,
			);
			path = view;
			sourceTree = "<group>";
		};
		38E240341FECBA3900896939 /* model */ = {
			isa = PBXGroup;
			children = (
				38C76CA01FA1850600BCBCB9 /* ChatRoomMgr.h */,
				38C76CA11FA1850600BCBCB9 /* ChatRoomMgr.m */,
			);
			path = model;
			sourceTree = "<group>";
		};
		38E240351FECBA4B00896939 /* controller */ = {
			isa = PBXGroup;
			children = (
				3801A0571F7C88F1006C3D18 /* PRNavigationController.h */,
				3801A0581F7C88F1006C3D18 /* PRNavigationController.m */,
				3801A0481F7B43CF006C3D18 /* FirstCommunication.h */,
				3801A0491F7B43CF006C3D18 /* FirstCommunication.m */,
				383BA6FE1FD799B600B0D207 /* FirstCommunication+UI.h */,
				383BA6FF1FD799B600B0D207 /* FirstCommunication+UI.m */,
				38C76C981FA07BD100BCBCB9 /* DevilChatRoom.h */,
				38C76C991FA07BD100BCBCB9 /* DevilChatRoom.m */,
				38C76C9C1FA07C1700BCBCB9 /* ChatRoomCleared.h */,
				38C76C9D1FA07C1700BCBCB9 /* ChatRoomCleared.m */,
			);
			path = controller;
			sourceTree = "<group>";
		};
		38E240361FECBA7100896939 /* base detail */ = {
			isa = PBXGroup;
			children = (
				38E2403E1FECBB5100896939 /* model */,
				38E2403D1FECBB2D00896939 /* view */,
				38E2403C1FECBB1D00896939 /* controller */,
			);
			path = "base detail";
			sourceTree = "<group>";
		};
		38E240381FECBA9A00896939 /* santa detail */ = {
			isa = PBXGroup;
			children = (
				38E240401FECBB9300896939 /* controller */,
				38E2403F1FECBB8200896939 /* model */,
				389E43D1203FA6AD00AD107F /* SantaChat.mp3 */,
			);
			path = "santa detail";
			sourceTree = "<group>";
		};
		38E240391FECBABC00896939 /* pufu detail */ = {
			isa = PBXGroup;
			children = (
				38E240431FECBBC900896939 /* controller */,
				38E240421FECBBB700896939 /* model */,
				389E43D3203FA6B700AD107F /* PufuChat.mp3 */,
			);
			path = "pufu detail";
			sourceTree = "<group>";
		};
		38E2403A1FECBAD800896939 /* chizi detail */ = {
			isa = PBXGroup;
			children = (
				38E240461FECBCD400896939 /* controller */,
				38E240451FECBCC400896939 /* model */,
				389E43D5203FA6C400AD107F /* ChiziChat.mp3 */,
			);
			path = "chizi detail";
			sourceTree = "<group>";
		};
		38E2403B1FECBAEE00896939 /* tiza detail */ = {
			isa = PBXGroup;
			children = (
				38E240491FECBD0300896939 /* controller */,
				38E240481FECBCF200896939 /* model */,
				389E43D7203FA6CE00AD107F /* TizaChat.mp3 */,
			);
			path = "tiza detail";
			sourceTree = "<group>";
		};
		38E2403C1FECBB1D00896939 /* controller */ = {
			isa = PBXGroup;
			children = (
				3801A0631F7E0F9D006C3D18 /* BaseChatDetail.h */,
				3801A0641F7E0F9D006C3D18 /* BaseChatDetail.m */,
			);
			path = controller;
			sourceTree = "<group>";
		};
		38E2403D1FECBB2D00896939 /* view */ = {
			isa = PBXGroup;
			children = (
				3801A0751F7E3BF6006C3D18 /* BaseChatTableViewCell.h */,
				3801A0761F7E3BF6006C3D18 /* BaseChatTableViewCell.m */,
				389C5C911FB1E39900494006 /* BaseChoiceCollectionViewCell.h */,
				389C5C921FB1E39900494006 /* BaseChoiceCollectionViewCell.m */,
				38748E6720D3943500700891 /* BaseChatControlsView.h */,
				38748E6820D3943500700891 /* BaseChatControlsView.m */,
			);
			path = view;
			sourceTree = "<group>";
		};
		38E2403E1FECBB5100896939 /* model */ = {
			isa = PBXGroup;
			children = (
				38A13E061FE1192C002B62B4 /* BaseMgr.h */,
				38A13E071FE1192C002B62B4 /* BaseMgr.m */,
				387BA6362016E37200B7A15B /* BaseChatModel.h */,
				387BA6372016E37200B7A15B /* BaseChatModel.m */,
			);
			path = model;
			sourceTree = "<group>";
		};
		38E2403F1FECBB8200896939 /* model */ = {
			isa = PBXGroup;
			children = (
				38C76CA41FA1901700BCBCB9 /* SantaMgr.h */,
				38C76CA51FA1901700BCBCB9 /* SantaMgr.m */,
			);
			path = model;
			sourceTree = "<group>";
		};
		38E240401FECBB9300896939 /* controller */ = {
			isa = PBXGroup;
			children = (
				3801A06C1F7E1037006C3D18 /* SantaChatDetail.h */,
				3801A06D1F7E1037006C3D18 /* SantaChatDetail.m */,
			);
			path = controller;
			sourceTree = "<group>";
		};
		38E240421FECBBB700896939 /* model */ = {
			isa = PBXGroup;
			children = (
				38C76CA81FA19C1600BCBCB9 /* PufuMgr.h */,
				38C76CA91FA19C1600BCBCB9 /* PufuMgr.m */,
			);
			path = model;
			sourceTree = "<group>";
		};
		38E240431FECBBC900896939 /* controller */ = {
			isa = PBXGroup;
			children = (
				3801A07B1F7F302E006C3D18 /* PufuChatDetail.h */,
				3801A07C1F7F302E006C3D18 /* PufuChatDetail.m */,
			);
			path = controller;
			sourceTree = "<group>";
		};
		38E240451FECBCC400896939 /* model */ = {
			isa = PBXGroup;
			children = (
				38C76CAC1FA19C6B00BCBCB9 /* ChiziMgr.h */,
				38C76CAD1FA19C6B00BCBCB9 /* ChiziMgr.m */,
			);
			path = model;
			sourceTree = "<group>";
		};
		38E240461FECBCD400896939 /* controller */ = {
			isa = PBXGroup;
			children = (
				3801A07E1F7F3054006C3D18 /* ChiziChatDetail.h */,
				3801A07F1F7F3054006C3D18 /* ChiziChatDetail.m */,
			);
			path = controller;
			sourceTree = "<group>";
		};
		38E240481FECBCF200896939 /* model */ = {
			isa = PBXGroup;
			children = (
				38C76CB01FA19CD300BCBCB9 /* TizaMgr.h */,
				38C76CB11FA19CD300BCBCB9 /* TizaMgr.m */,
			);
			path = model;
			sourceTree = "<group>";
		};
		38E240491FECBD0300896939 /* controller */ = {
			isa = PBXGroup;
			children = (
				3801A0811F7F3078006C3D18 /* TizaChatDetail.h */,
				3801A0821F7F3078006C3D18 /* TizaChatDetail.m */,
			);
			path = controller;
			sourceTree = "<group>";
		};
		38E2404B1FECBD4000896939 /* common */ = {
			isa = PBXGroup;
			children = (
				383211A4202AE2D500DB7B7A /* resource */,
				383211A3202AE2B200DB7B7A /* model */,
				383211A2202AE2A500DB7B7A /* controller */,
				383211A0202AE29200DB7B7A /* view */,
			);
			path = common;
			sourceTree = "<group>";
		};
		38E2404C1FECBD5900896939 /* game start */ = {
			isa = PBXGroup;
			children = (
				3850CDC920BC5C7200E45D8B /* progress view */,
				3801A0541F7B5CB3006C3D18 /* PretendedViewController.h */,
				3801A0551F7B5CB3006C3D18 /* PretendedViewController.m */,
				38BDFB6A2018377400D1BB86 /* FeatureViewController.h */,
				38BDFB6B2018377400D1BB86 /* FeatureViewController.m */,
			);
			path = "game start";
			sourceTree = "<group>";
		};
		77B4DAE9C004B9A31F0F9C7E /* Pods */ = {
			isa = PBXGroup;
			children = (
				4D56EA3242F97FEDFA0D68FC /* Pods-Pretend.debug.xcconfig */,
				D4A1AF25F2E2AE883639043E /* Pods-Pretend.release.xcconfig */,
			);
			name = Pods;
			sourceTree = "<group>";
		};
/* End PBXGroup section */

/* Begin PBXNativeTarget section */
		3801A0111F7A76B0006C3D18 /* Pretend */ = {
			isa = PBXNativeTarget;
			buildConfigurationList = 3801A03F1F7A76B0006C3D18 /* Build configuration list for PBXNativeTarget "Pretend" */;
			buildPhases = (
				0FBBB9514B060DE66E66BA98 /* [CP] Check Pods Manifest.lock */,
				3801A00E1F7A76B0006C3D18 /* Sources */,
				3801A00F1F7A76B0006C3D18 /* Frameworks */,
				3801A0101F7A76B0006C3D18 /* Resources */,
			);
			buildRules = (
			);
			dependencies = (
			);
			name = Pretend;
			productName = Pretend;
			productReference = 3801A0121F7A76B0006C3D18 /* Pretend.app */;
			productType = "com.apple.product-type.application";
		};
		3801A02A1F7A76B0006C3D18 /* PretendTests */ = {
			isa = PBXNativeTarget;
			buildConfigurationList = 3801A0421F7A76B0006C3D18 /* Build configuration list for PBXNativeTarget "PretendTests" */;
			buildPhases = (
				3801A0271F7A76B0006C3D18 /* Sources */,
				3801A0281F7A76B0006C3D18 /* Frameworks */,
				3801A0291F7A76B0006C3D18 /* Resources */,
			);
			buildRules = (
			);
			dependencies = (
				3801A02D1F7A76B0006C3D18 /* PBXTargetDependency */,
			);
			name = PretendTests;
			productName = PretendTests;
			productReference = 3801A02B1F7A76B0006C3D18 /* PretendTests.xctest */;
			productType = "com.apple.product-type.bundle.unit-test";
		};
		3801A0351F7A76B0006C3D18 /* PretendUITests */ = {
			isa = PBXNativeTarget;
			buildConfigurationList = 3801A0451F7A76B0006C3D18 /* Build configuration list for PBXNativeTarget "PretendUITests" */;
			buildPhases = (
				3801A0321F7A76B0006C3D18 /* Sources */,
				3801A0331F7A76B0006C3D18 /* Frameworks */,
				3801A0341F7A76B0006C3D18 /* Resources */,
			);
			buildRules = (
			);
			dependencies = (
				3801A0381F7A76B0006C3D18 /* PBXTargetDependency */,
			);
			name = PretendUITests;
			productName = PretendUITests;
			productReference = 3801A0361F7A76B0006C3D18 /* PretendUITests.xctest */;
			productType = "com.apple.product-type.bundle.ui-testing";
		};
/* End PBXNativeTarget section */

/* Begin PBXProject section */
		3801A00A1F7A76B0006C3D18 /* Project object */ = {
			isa = PBXProject;
			attributes = {
				LastUpgradeCheck = 0930;
				ORGANIZATIONNAME = "戴曦嘉";
				TargetAttributes = {
					3801A0111F7A76B0006C3D18 = {
						CreatedOnToolsVersion = 8.3.3;
						DevelopmentTeam = 9SKD7V45UT;
						ProvisioningStyle = Automatic;
						SystemCapabilities = {
							com.apple.BackgroundModes = {
								enabled = 1;
							};
						};
					};
					3801A02A1F7A76B0006C3D18 = {
						CreatedOnToolsVersion = 8.3.3;
						ProvisioningStyle = Automatic;
						TestTargetID = 3801A0111F7A76B0006C3D18;
					};
					3801A0351F7A76B0006C3D18 = {
						CreatedOnToolsVersion = 8.3.3;
						ProvisioningStyle = Automatic;
						TestTargetID = 3801A0111F7A76B0006C3D18;
					};
				};
			};
			buildConfigurationList = 3801A00D1F7A76B0006C3D18 /* Build configuration list for PBXProject "Pretend" */;
			compatibilityVersion = "Xcode 3.2";
			developmentRegion = English;
			hasScannedForEncodings = 0;
			knownRegions = (
				English,
				en,
				Base,
			);
			mainGroup = 3801A0091F7A76B0006C3D18;
			productRefGroup = 3801A0131F7A76B0006C3D18 /* Products */;
			projectDirPath = "";
			projectRoot = "";
			targets = (
				3801A0111F7A76B0006C3D18 /* Pretend */,
				3801A02A1F7A76B0006C3D18 /* PretendTests */,
				3801A0351F7A76B0006C3D18 /* PretendUITests */,
			);
		};
/* End PBXProject section */

/* Begin PBXResourcesBuildPhase section */
		3801A0101F7A76B0006C3D18 /* Resources */ = {
			isa = PBXResourcesBuildPhase;
			buildActionMask = 2147483647;
			files = (
				3801A0251F7A76B0006C3D18 /* LaunchScreen.storyboard in Resources */,
				3873AD7A20D8956E007CC8D3 /* article2.txt in Resources */,
				3801A0221F7A76B0006C3D18 /* Assets.xcassets in Resources */,
				389E43D4203FA6B700AD107F /* PufuChat.mp3 in Resources */,
				38A573FD20C4FEC600479601 /* video.mp4 in Resources */,
				38C76CF91FA8A91C00BCBCB9 /* consider.json in Resources */,
				389E43D02034186A00AD107F /* bgm.mp3 in Resources */,
				389E43D6203FA6C400AD107F /* ChiziChat.mp3 in Resources */,
				389E43DA203FA8B200AD107F /* ChatRoom.mp3 in Resources */,
				389E43D2203FA6AE00AD107F /* SantaChat.mp3 in Resources */,
				389E43D8203FA6CE00AD107F /* TizaChat.mp3 in Resources */,
				383D72452006058E0063FEB6 /* article.txt in Resources */,
			);
			runOnlyForDeploymentPostprocessing = 0;
		};
		3801A0291F7A76B0006C3D18 /* Resources */ = {
			isa = PBXResourcesBuildPhase;
			buildActionMask = 2147483647;
			files = (
			);
			runOnlyForDeploymentPostprocessing = 0;
		};
		3801A0341F7A76B0006C3D18 /* Resources */ = {
			isa = PBXResourcesBuildPhase;
			buildActionMask = 2147483647;
			files = (
			);
			runOnlyForDeploymentPostprocessing = 0;
		};
/* End PBXResourcesBuildPhase section */

/* Begin PBXShellScriptBuildPhase section */
		0FBBB9514B060DE66E66BA98 /* [CP] Check Pods Manifest.lock */ = {
			isa = PBXShellScriptBuildPhase;
			buildActionMask = 2147483647;
			files = (
			);
			inputPaths = (
				"${PODS_PODFILE_DIR_PATH}/Podfile.lock",
				"${PODS_ROOT}/Manifest.lock",
			);
			name = "[CP] Check Pods Manifest.lock";
			outputPaths = (
				"$(DERIVED_FILE_DIR)/Pods-Pretend-checkManifestLockResult.txt",
			);
			runOnlyForDeploymentPostprocessing = 0;
			shellPath = /bin/sh;
			shellScript = "diff \"${PODS_PODFILE_DIR_PATH}/Podfile.lock\" \"${PODS_ROOT}/Manifest.lock\" > /dev/null\nif [ $? != 0 ] ; then\n    # print error to STDERR\n    echo \"error: The sandbox is not in sync with the Podfile.lock. Run 'pod install' or update your CocoaPods installation.\" >&2\n    exit 1\nfi\n# This output is used by Xcode 'outputs' to avoid re-running this script phase.\necho \"SUCCESS\" > \"${SCRIPT_OUTPUT_FILE_0}\"\n";
			showEnvVarsInLog = 0;
		};
/* End PBXShellScriptBuildPhase section */

/* Begin PBXSourcesBuildPhase section */
		3801A00E1F7A76B0006C3D18 /* Sources */ = {
			isa = PBXSourcesBuildPhase;
			buildActionMask = 2147483647;
			files = (
				3808515C2022B54100836D03 /* PHSelectViewController.m in Sources */,
				383211AA202AE53C00DB7B7A /* PRCustomSlider.m in Sources */,
				38C76D201FAB74B700BCBCB9 /* PuriLayout.m in Sources */,
				387BA635201606C700B7A15B /* NSObject+BJLWillDeallocBlock.m in Sources */,
				70A2AB94226EA9D00000BA94 /* PRQRCodeScannerViewController.m in Sources */,
				38A17BFD2004987200088588 /* PRTxtTransform.m in Sources */,
				389C5C871FB0866400494006 /* CardCoverFlowLayout.m in Sources */,
				387BA6382016E37200B7A15B /* BaseChatModel.m in Sources */,
				38C76D081FA9E64500BCBCB9 /* TWNavigationController.m in Sources */,
				70A2AB91226EA9650000BA94 /* PRCalendarViewController.m in Sources */,
				387BA634201606C700B7A15B /* NSObject+BJLObserving.m in Sources */,
				38C76CAE1FA19C6B00BCBCB9 /* ChiziMgr.m in Sources */,
				3873AD7820D7DC62007CC8D3 /* DevilCardMgr.m in Sources */,
				3850CDCF20BC5CCE00E45D8B /* PRProgressBar.m in Sources */,
				38C76D171FAAFF3400BCBCB9 /* PuriHandCardLayout.m in Sources */,
				38C76C9E1FA07C1700BCBCB9 /* ChatRoomCleared.m in Sources */,
				38C76CB71FA1B1E700BCBCB9 /* CardCraftMgr.m in Sources */,
				38C76CF71FA8A74900BCBCB9 /* DevilRoomMgr.m in Sources */,
				38A13E051FE10A46002B62B4 /* ChatRoomCell.m in Sources */,
				38C76CAA1FA19C1600BCBCB9 /* PufuMgr.m in Sources */,
				38C76D111FAACAF900BCBCB9 /* CardSelectedBackground.m in Sources */,
				38C76CE51FA8550300BCBCB9 /* FeastView.m in Sources */,
				38748E6920D3943500700891 /* BaseChatControlsView.m in Sources */,
				389C5C7B1FB04F9B00494006 /* CardMasonryLayout.m in Sources */,
				389C5C8A1FB15E4500494006 /* TableCardCollectionViewCell.m in Sources */,
				3801A04A1F7B43CF006C3D18 /* FirstCommunication.m in Sources */,
				38E2404F1FF0954700896939 /* CardCrafterCell.m in Sources */,
				38C76D141FAAD0C200BCBCB9 /* CardDetailViewController.m in Sources */,
				389C5C931FB1E39900494006 /* BaseChoiceCollectionViewCell.m in Sources */,
				3801A0591F7C88F1006C3D18 /* PRNavigationController.m in Sources */,
				38C76CB21FA19CD300BCBCB9 /* TizaMgr.m in Sources */,
				3801A01A1F7A76B0006C3D18 /* AppDelegate.m in Sources */,
				389C5C811FB0768B00494006 /* CardSortTestCollectionViewCell.m in Sources */,
				3801A04D1F7B4404006C3D18 /* DevilCard.m in Sources */,
				38BDFB6C2018377400D1BB86 /* FeatureViewController.m in Sources */,
				3801A0171F7A76B0006C3D18 /* main.m in Sources */,
				38C76D231FAC538900BCBCB9 /* PuriHandCardAttributes.m in Sources */,
				3801A0771F7E3BF6006C3D18 /* BaseChatTableViewCell.m in Sources */,
				38C76CEB1FA867D600BCBCB9 /* BaseCardCraftViewController.m in Sources */,
				389C5C7E1FB057CB00494006 /* CardSortTestViewController.m in Sources */,
				3832119C202ADCF800DB7B7A /* PRVideoViewController.m in Sources */,
				38748E6620D25BF600700891 /* PRConstantSQL.m in Sources */,
				3850CDD220BC5D0400E45D8B /* PRProgressIndicator.m in Sources */,
				38C76CA61FA1901700BCBCB9 /* SantaMgr.m in Sources */,
				38C76D021FA977FB00BCBCB9 /* TruthMgr.m in Sources */,
				383BA7001FD799B600B0D207 /* FirstCommunication+UI.m in Sources */,
				38C76CC01FA1B62400BCBCB9 /* Puri.m in Sources */,
				3850CDCC20BC5C9A00E45D8B /* PRProgressBaseView.m in Sources */,
				38C76D0B1FAAAE2300BCBCB9 /* CardSortViewController.m in Sources */,
				3801A0831F7F3078006C3D18 /* TizaChatDetail.m in Sources */,
				389C5C781FAEE89400494006 /* PuriHandCardCell.m in Sources */,
				383211A7202AE2F800DB7B7A /* PRSlider.m in Sources */,
				3801A0801F7F3054006C3D18 /* ChiziChatDetail.m in Sources */,
				38C76CBA1FA1B2B800BCBCB9 /* DevilCardInfo.m in Sources */,
				38C76CD91FA7561A00BCBCB9 /* DCNavigationController.m in Sources */,
				38C76CDC1FA7568B00BCBCB9 /* CardFeastViewController.m in Sources */,
				38C76CFC1FA972C800BCBCB9 /* DevilCastleViewController.m in Sources */,
				38C76CC31FA1B65900BCBCB9 /* Devil.m in Sources */,
				3801A0501F7B4423006C3D18 /* DevilRoom.m in Sources */,
				38C76D0E1FAAAFC800BCBCB9 /* CardCell.m in Sources */,
				38E240241FECB69300896939 /* CardFeastViewController+UI.m in Sources */,
				38A13E021FE0D1C8002B62B4 /* UIColor+PRCustomColor.m in Sources */,
				3801A0561F7B5CB3006C3D18 /* PretendedViewController.m in Sources */,
				383211AD202C81CD00DB7B7A /* PRBGMPlayer.m in Sources */,
				38C76CBD1FA1B4F500BCBCB9 /* Crafter.m in Sources */,
				38C76CDF1FA8493E00BCBCB9 /* UIImage+Rotate.m in Sources */,
				3801A0531F7B4439006C3D18 /* TrueWorld.m in Sources */,
				3801A0651F7E0F9D006C3D18 /* BaseChatDetail.m in Sources */,
				38748E6320D23A4300700891 /* PRDBManager.m in Sources */,
				38A13E081FE1192C002B62B4 /* BaseMgr.m in Sources */,
				38C76CA21FA1850600BCBCB9 /* ChatRoomMgr.m in Sources */,
				3801A07D1F7F302E006C3D18 /* PufuChatDetail.m in Sources */,
				38C76C9B1FA07BD100BCBCB9 /* DevilChatRoom.m in Sources */,
				3801A06E1F7E1037006C3D18 /* SantaChatDetail.m in Sources */,
				38C76CEE1FA8908D00BCBCB9 /* DRNavigationController.m in Sources */,
			);
			runOnlyForDeploymentPostprocessing = 0;
		};
		3801A0271F7A76B0006C3D18 /* Sources */ = {
			isa = PBXSourcesBuildPhase;
			buildActionMask = 2147483647;
			files = (
				3801A0301F7A76B0006C3D18 /* PretendTests.m in Sources */,
			);
			runOnlyForDeploymentPostprocessing = 0;
		};
		3801A0321F7A76B0006C3D18 /* Sources */ = {
			isa = PBXSourcesBuildPhase;
			buildActionMask = 2147483647;
			files = (
				3801A03B1F7A76B0006C3D18 /* PretendUITests.m in Sources */,
			);
			runOnlyForDeploymentPostprocessing = 0;
		};
/* End PBXSourcesBuildPhase section */

/* Begin PBXTargetDependency section */
		3801A02D1F7A76B0006C3D18 /* PBXTargetDependency */ = {
			isa = PBXTargetDependency;
			target = 3801A0111F7A76B0006C3D18 /* Pretend */;
			targetProxy = 3801A02C1F7A76B0006C3D18 /* PBXContainerItemProxy */;
		};
		3801A0381F7A76B0006C3D18 /* PBXTargetDependency */ = {
			isa = PBXTargetDependency;
			target = 3801A0111F7A76B0006C3D18 /* Pretend */;
			targetProxy = 3801A0371F7A76B0006C3D18 /* PBXContainerItemProxy */;
		};
/* End PBXTargetDependency section */

/* Begin PBXVariantGroup section */
		3801A0231F7A76B0006C3D18 /* LaunchScreen.storyboard */ = {
			isa = PBXVariantGroup;
			children = (
				3801A0241F7A76B0006C3D18 /* Base */,
			);
			name = LaunchScreen.storyboard;
			sourceTree = "<group>";
		};
/* End PBXVariantGroup section */

/* Begin XCBuildConfiguration section */
		3801A03D1F7A76B0006C3D18 /* Debug */ = {
			isa = XCBuildConfiguration;
			buildSettings = {
				ALWAYS_SEARCH_USER_PATHS = NO;
				CLANG_ANALYZER_NONNULL = YES;
				CLANG_ANALYZER_NUMBER_OBJECT_CONVERSION = YES_AGGRESSIVE;
				CLANG_CXX_LANGUAGE_STANDARD = "gnu++0x";
				CLANG_CXX_LIBRARY = "libc++";
				CLANG_ENABLE_MODULES = YES;
				CLANG_ENABLE_OBJC_ARC = YES;
				CLANG_WARN_BLOCK_CAPTURE_AUTORELEASING = YES;
				CLANG_WARN_BOOL_CONVERSION = YES;
				CLANG_WARN_COMMA = YES;
				CLANG_WARN_CONSTANT_CONVERSION = YES;
				CLANG_WARN_DEPRECATED_OBJC_IMPLEMENTATIONS = YES;
				CLANG_WARN_DIRECT_OBJC_ISA_USAGE = YES_ERROR;
				CLANG_WARN_DOCUMENTATION_COMMENTS = YES;
				CLANG_WARN_EMPTY_BODY = YES;
				CLANG_WARN_ENUM_CONVERSION = YES;
				CLANG_WARN_INFINITE_RECURSION = YES;
				CLANG_WARN_INT_CONVERSION = YES;
				CLANG_WARN_NON_LITERAL_NULL_CONVERSION = YES;
				CLANG_WARN_OBJC_IMPLICIT_RETAIN_SELF = YES;
				CLANG_WARN_OBJC_LITERAL_CONVERSION = YES;
				CLANG_WARN_OBJC_ROOT_CLASS = YES_ERROR;
				CLANG_WARN_RANGE_LOOP_ANALYSIS = YES;
				CLANG_WARN_STRICT_PROTOTYPES = YES;
				CLANG_WARN_SUSPICIOUS_MOVE = YES;
				CLANG_WARN_UNREACHABLE_CODE = YES;
				CLANG_WARN__DUPLICATE_METHOD_MATCH = YES;
				"CODE_SIGN_IDENTITY[sdk=iphoneos*]" = "iPhone Developer";
				COPY_PHASE_STRIP = NO;
				DEBUG_INFORMATION_FORMAT = dwarf;
				ENABLE_STRICT_OBJC_MSGSEND = YES;
				ENABLE_TESTABILITY = YES;
				GCC_C_LANGUAGE_STANDARD = gnu99;
				GCC_DYNAMIC_NO_PIC = NO;
				GCC_NO_COMMON_BLOCKS = YES;
				GCC_OPTIMIZATION_LEVEL = 0;
				GCC_PREPROCESSOR_DEFINITIONS = (
					"DEBUG=1",
					"$(inherited)",
				);
				GCC_WARN_64_TO_32_BIT_CONVERSION = YES;
				GCC_WARN_ABOUT_RETURN_TYPE = YES_ERROR;
				GCC_WARN_UNDECLARED_SELECTOR = YES;
				GCC_WARN_UNINITIALIZED_AUTOS = YES_AGGRESSIVE;
				GCC_WARN_UNUSED_FUNCTION = YES;
				GCC_WARN_UNUSED_VARIABLE = YES;
				IPHONEOS_DEPLOYMENT_TARGET = 10.3;
				MTL_ENABLE_DEBUG_INFO = YES;
				ONLY_ACTIVE_ARCH = YES;
				SDKROOT = iphoneos;
				TARGETED_DEVICE_FAMILY = "1,2";
			};
			name = Debug;
		};
		3801A03E1F7A76B0006C3D18 /* Release */ = {
			isa = XCBuildConfiguration;
			buildSettings = {
				ALWAYS_SEARCH_USER_PATHS = NO;
				CLANG_ANALYZER_NONNULL = YES;
				CLANG_ANALYZER_NUMBER_OBJECT_CONVERSION = YES_AGGRESSIVE;
				CLANG_CXX_LANGUAGE_STANDARD = "gnu++0x";
				CLANG_CXX_LIBRARY = "libc++";
				CLANG_ENABLE_MODULES = YES;
				CLANG_ENABLE_OBJC_ARC = YES;
				CLANG_WARN_BLOCK_CAPTURE_AUTORELEASING = YES;
				CLANG_WARN_BOOL_CONVERSION = YES;
				CLANG_WARN_COMMA = YES;
				CLANG_WARN_CONSTANT_CONVERSION = YES;
				CLANG_WARN_DEPRECATED_OBJC_IMPLEMENTATIONS = YES;
				CLANG_WARN_DIRECT_OBJC_ISA_USAGE = YES_ERROR;
				CLANG_WARN_DOCUMENTATION_COMMENTS = YES;
				CLANG_WARN_EMPTY_BODY = YES;
				CLANG_WARN_ENUM_CONVERSION = YES;
				CLANG_WARN_INFINITE_RECURSION = YES;
				CLANG_WARN_INT_CONVERSION = YES;
				CLANG_WARN_NON_LITERAL_NULL_CONVERSION = YES;
				CLANG_WARN_OBJC_IMPLICIT_RETAIN_SELF = YES;
				CLANG_WARN_OBJC_LITERAL_CONVERSION = YES;
				CLANG_WARN_OBJC_ROOT_CLASS = YES_ERROR;
				CLANG_WARN_RANGE_LOOP_ANALYSIS = YES;
				CLANG_WARN_STRICT_PROTOTYPES = YES;
				CLANG_WARN_SUSPICIOUS_MOVE = YES;
				CLANG_WARN_UNREACHABLE_CODE = YES;
				CLANG_WARN__DUPLICATE_METHOD_MATCH = YES;
				"CODE_SIGN_IDENTITY[sdk=iphoneos*]" = "iPhone Developer";
				COPY_PHASE_STRIP = NO;
				DEBUG_INFORMATION_FORMAT = "dwarf-with-dsym";
				ENABLE_NS_ASSERTIONS = NO;
				ENABLE_STRICT_OBJC_MSGSEND = YES;
				GCC_C_LANGUAGE_STANDARD = gnu99;
				GCC_NO_COMMON_BLOCKS = YES;
				GCC_WARN_64_TO_32_BIT_CONVERSION = YES;
				GCC_WARN_ABOUT_RETURN_TYPE = YES_ERROR;
				GCC_WARN_UNDECLARED_SELECTOR = YES;
				GCC_WARN_UNINITIALIZED_AUTOS = YES_AGGRESSIVE;
				GCC_WARN_UNUSED_FUNCTION = YES;
				GCC_WARN_UNUSED_VARIABLE = YES;
				IPHONEOS_DEPLOYMENT_TARGET = 10.3;
				MTL_ENABLE_DEBUG_INFO = NO;
				SDKROOT = iphoneos;
				TARGETED_DEVICE_FAMILY = "1,2";
				VALIDATE_PRODUCT = YES;
			};
			name = Release;
		};
		3801A0401F7A76B0006C3D18 /* Debug */ = {
			isa = XCBuildConfiguration;
			baseConfigurationReference = 4D56EA3242F97FEDFA0D68FC /* Pods-Pretend.debug.xcconfig */;
			buildSettings = {
				ASSETCATALOG_COMPILER_APPICON_NAME = AppIcon;
				DEVELOPMENT_TEAM = 9SKD7V45UT;
				INFOPLIST_FILE = Pretend/Info.plist;
				IPHONEOS_DEPLOYMENT_TARGET = 9.0;
				LD_RUNPATH_SEARCH_PATHS = "$(inherited) @executable_path/Frameworks";
				PRODUCT_BUNDLE_IDENTIFIER = daixijia.Pretend;
				PRODUCT_NAME = "$(TARGET_NAME)";
			};
			name = Debug;
		};
		3801A0411F7A76B0006C3D18 /* Release */ = {
			isa = XCBuildConfiguration;
			baseConfigurationReference = D4A1AF25F2E2AE883639043E /* Pods-Pretend.release.xcconfig */;
			buildSettings = {
				ASSETCATALOG_COMPILER_APPICON_NAME = AppIcon;
				DEVELOPMENT_TEAM = 9SKD7V45UT;
				INFOPLIST_FILE = Pretend/Info.plist;
				IPHONEOS_DEPLOYMENT_TARGET = 9.0;
				LD_RUNPATH_SEARCH_PATHS = "$(inherited) @executable_path/Frameworks";
				PRODUCT_BUNDLE_IDENTIFIER = daixijia.Pretend;
				PRODUCT_NAME = "$(TARGET_NAME)";
			};
			name = Release;
		};
		3801A0431F7A76B0006C3D18 /* Debug */ = {
			isa = XCBuildConfiguration;
			buildSettings = {
				BUNDLE_LOADER = "$(TEST_HOST)";
				INFOPLIST_FILE = PretendTests/Info.plist;
				LD_RUNPATH_SEARCH_PATHS = "$(inherited) @executable_path/Frameworks @loader_path/Frameworks";
				PRODUCT_BUNDLE_IDENTIFIER = daixijia.PretendTests;
				PRODUCT_NAME = "$(TARGET_NAME)";
				TEST_HOST = "$(BUILT_PRODUCTS_DIR)/Pretend.app/Pretend";
			};
			name = Debug;
		};
		3801A0441F7A76B0006C3D18 /* Release */ = {
			isa = XCBuildConfiguration;
			buildSettings = {
				BUNDLE_LOADER = "$(TEST_HOST)";
				INFOPLIST_FILE = PretendTests/Info.plist;
				LD_RUNPATH_SEARCH_PATHS = "$(inherited) @executable_path/Frameworks @loader_path/Frameworks";
				PRODUCT_BUNDLE_IDENTIFIER = daixijia.PretendTests;
				PRODUCT_NAME = "$(TARGET_NAME)";
				TEST_HOST = "$(BUILT_PRODUCTS_DIR)/Pretend.app/Pretend";
			};
			name = Release;
		};
		3801A0461F7A76B0006C3D18 /* Debug */ = {
			isa = XCBuildConfiguration;
			buildSettings = {
				INFOPLIST_FILE = PretendUITests/Info.plist;
				LD_RUNPATH_SEARCH_PATHS = "$(inherited) @executable_path/Frameworks @loader_path/Frameworks";
				PRODUCT_BUNDLE_IDENTIFIER = daixijia.PretendUITests;
				PRODUCT_NAME = "$(TARGET_NAME)";
				TEST_TARGET_NAME = Pretend;
			};
			name = Debug;
		};
		3801A0471F7A76B0006C3D18 /* Release */ = {
			isa = XCBuildConfiguration;
			buildSettings = {
				INFOPLIST_FILE = PretendUITests/Info.plist;
				LD_RUNPATH_SEARCH_PATHS = "$(inherited) @executable_path/Frameworks @loader_path/Frameworks";
				PRODUCT_BUNDLE_IDENTIFIER = daixijia.PretendUITests;
				PRODUCT_NAME = "$(TARGET_NAME)";
				TEST_TARGET_NAME = Pretend;
			};
			name = Release;
		};
/* End XCBuildConfiguration section */

/* Begin XCConfigurationList section */
		3801A00D1F7A76B0006C3D18 /* Build configuration list for PBXProject "Pretend" */ = {
			isa = XCConfigurationList;
			buildConfigurations = (
				3801A03D1F7A76B0006C3D18 /* Debug */,
				3801A03E1F7A76B0006C3D18 /* Release */,
			);
			defaultConfigurationIsVisible = 0;
			defaultConfigurationName = Release;
		};
		3801A03F1F7A76B0006C3D18 /* Build configuration list for PBXNativeTarget "Pretend" */ = {
			isa = XCConfigurationList;
			buildConfigurations = (
				3801A0401F7A76B0006C3D18 /* Debug */,
				3801A0411F7A76B0006C3D18 /* Release */,
			);
			defaultConfigurationIsVisible = 0;
			defaultConfigurationName = Release;
		};
		3801A0421F7A76B0006C3D18 /* Build configuration list for PBXNativeTarget "PretendTests" */ = {
			isa = XCConfigurationList;
			buildConfigurations = (
				3801A0431F7A76B0006C3D18 /* Debug */,
				3801A0441F7A76B0006C3D18 /* Release */,
			);
			defaultConfigurationIsVisible = 0;
			defaultConfigurationName = Release;
		};
		3801A0451F7A76B0006C3D18 /* Build configuration list for PBXNativeTarget "PretendUITests" */ = {
			isa = XCConfigurationList;
			buildConfigurations = (
				3801A0461F7A76B0006C3D18 /* Debug */,
				3801A0471F7A76B0006C3D18 /* Release */,
			);
			defaultConfigurationIsVisible = 0;
			defaultConfigurationName = Release;
		};
/* End XCConfigurationList section */
	};
	rootObject = 3801A00A1F7A76B0006C3D18 /* Project object */;
}
